// !$*UTF8*$!
{
	archiveVersion = 1;
	classes = {
	};
	objectVersion = 52;
	objects = {

/* Begin PBXBuildFile section */
		84209C7627C775AB003CE71D /* AppDelegate.swift in Sources */ = {isa = PBXBuildFile; fileRef = 84209C7527C775AB003CE71D /* AppDelegate.swift */; };
		84209C7827C775AC003CE71D /* SceneDelegate.swift in Sources */ = {isa = PBXBuildFile; fileRef = 84209C7727C775AC003CE71D /* SceneDelegate.swift */; };
		84209C7D27C775AC003CE71D /* Main.storyboard in Resources */ = {isa = PBXBuildFile; fileRef = 84209C7B27C775AC003CE71D /* Main.storyboard */; };
		84209C7F27C775B8003CE71D /* Assets.xcassets in Resources */ = {isa = PBXBuildFile; fileRef = 84209C7E27C775B8003CE71D /* Assets.xcassets */; };
		84209C8227C775B8003CE71D /* LaunchScreen.storyboard in Resources */ = {isa = PBXBuildFile; fileRef = 84209C8027C775B8003CE71D /* LaunchScreen.storyboard */; };
		84209C8B27C776C1003CE71D /* MoviesTableViewCell.swift in Sources */ = {isa = PBXBuildFile; fileRef = 84209C8A27C776C1003CE71D /* MoviesTableViewCell.swift */; };
		84209C8E27C77A7F003CE71D /* MovieCollectionViewCell.swift in Sources */ = {isa = PBXBuildFile; fileRef = 84209C8D27C77A7F003CE71D /* MovieCollectionViewCell.swift */; };
		8424EF4428ABD91800F30E6C /* GoogleService-Info.plist in Resources */ = {isa = PBXBuildFile; fileRef = 8424EF4328ABD91800F30E6C /* GoogleService-Info.plist */; };
		8424EF5D28ABDF0B00F30E6C /* FirebaseAuth in Frameworks */ = {isa = PBXBuildFile; productRef = 8424EF5C28ABDF0B00F30E6C /* FirebaseAuth */; };
		8424EF5F28ABDF0B00F30E6C /* FirebaseDatabase in Frameworks */ = {isa = PBXBuildFile; productRef = 8424EF5E28ABDF0B00F30E6C /* FirebaseDatabase */; };
		8424EF6728ACCD7300F30E6C /* FirebaseFirestore in Frameworks */ = {isa = PBXBuildFile; productRef = 8424EF6628ACCD7300F30E6C /* FirebaseFirestore */; };
		8424EF6B28AD16C900F30E6C /* ConstantFile.swift in Sources */ = {isa = PBXBuildFile; fileRef = 8424EF6A28AD16C900F30E6C /* ConstantFile.swift */; };
		842FA08C27D0EAD900B206F6 /* SearchCollectionViewcell.swift in Sources */ = {isa = PBXBuildFile; fileRef = 842FA08B27D0EAD900B206F6 /* SearchCollectionViewcell.swift */; };
		842FA09027D2275600B206F6 /* YoutubeSearchResponse.swift in Sources */ = {isa = PBXBuildFile; fileRef = 842FA08F27D2275600B206F6 /* YoutubeSearchResponse.swift */; };
		8434F9EE27C8F58200377DE2 /* Poster.swift in Sources */ = {isa = PBXBuildFile; fileRef = 8434F9ED27C8F58200377DE2 /* Poster.swift */; };
		8434F9F227CA4ADA00377DE2 /* APIColler.swift in Sources */ = {isa = PBXBuildFile; fileRef = 8434F9F127CA4ADA00377DE2 /* APIColler.swift */; };
		8434F9F627CB8CE200377DE2 /* Movie.swift in Sources */ = {isa = PBXBuildFile; fileRef = 8434F9F527CB8CE200377DE2 /* Movie.swift */; };
		8434F9FA27CB8D3500377DE2 /* Extensions.swift in Sources */ = {isa = PBXBuildFile; fileRef = 8434F9F927CB8D3500377DE2 /* Extensions.swift */; };
		8434FA0427CF86BE00377DE2 /* MovieCell.swift in Sources */ = {isa = PBXBuildFile; fileRef = 8434FA0327CF86BC00377DE2 /* MovieCell.swift */; };
		844E842D28C1E7F400C7864B /* ComingSoonPresenter.swift in Sources */ = {isa = PBXBuildFile; fileRef = 844E842728C1E7F400C7864B /* ComingSoonPresenter.swift */; };
		844E842E28C1E7F400C7864B /* ComingSoonWorker.swift in Sources */ = {isa = PBXBuildFile; fileRef = 844E842828C1E7F400C7864B /* ComingSoonWorker.swift */; };
		844E842F28C1E7F400C7864B /* ComingSoonRouter.swift in Sources */ = {isa = PBXBuildFile; fileRef = 844E842928C1E7F400C7864B /* ComingSoonRouter.swift */; };
		844E843028C1E7F400C7864B /* ComingSoonModels.swift in Sources */ = {isa = PBXBuildFile; fileRef = 844E842A28C1E7F400C7864B /* ComingSoonModels.swift */; };
		844E843128C1E7F400C7864B /* ComingSoonViewController.swift in Sources */ = {isa = PBXBuildFile; fileRef = 844E842B28C1E7F400C7864B /* ComingSoonViewController.swift */; };
		844E843228C1E7F400C7864B /* ComingSoonInteractor.swift in Sources */ = {isa = PBXBuildFile; fileRef = 844E842C28C1E7F400C7864B /* ComingSoonInteractor.swift */; };
		844E844328C5BCAF00C7864B /* MovieTrailerPresenter.swift in Sources */ = {isa = PBXBuildFile; fileRef = 844E843D28C5BCAF00C7864B /* MovieTrailerPresenter.swift */; };
		844E844428C5BCAF00C7864B /* MovieTrailerWorker.swift in Sources */ = {isa = PBXBuildFile; fileRef = 844E843E28C5BCAF00C7864B /* MovieTrailerWorker.swift */; };
		844E844528C5BCAF00C7864B /* MovieTrailerRouter.swift in Sources */ = {isa = PBXBuildFile; fileRef = 844E843F28C5BCAF00C7864B /* MovieTrailerRouter.swift */; };
		844E844628C5BCAF00C7864B /* MovieTrailerModels.swift in Sources */ = {isa = PBXBuildFile; fileRef = 844E844028C5BCAF00C7864B /* MovieTrailerModels.swift */; };
		844E844728C5BCAF00C7864B /* MovieTrailerViewController.swift in Sources */ = {isa = PBXBuildFile; fileRef = 844E844128C5BCAF00C7864B /* MovieTrailerViewController.swift */; };
		844E844828C5BCAF00C7864B /* MovieTrailerInteractor.swift in Sources */ = {isa = PBXBuildFile; fileRef = 844E844228C5BCAF00C7864B /* MovieTrailerInteractor.swift */; };
		844E845128C5C90200C7864B /* SearchMoviePresenter.swift in Sources */ = {isa = PBXBuildFile; fileRef = 844E844B28C5C90200C7864B /* SearchMoviePresenter.swift */; };
		844E845228C5C90200C7864B /* SearchMovieWorker.swift in Sources */ = {isa = PBXBuildFile; fileRef = 844E844C28C5C90200C7864B /* SearchMovieWorker.swift */; };
		844E845328C5C90200C7864B /* SearchMovieRouter.swift in Sources */ = {isa = PBXBuildFile; fileRef = 844E844D28C5C90200C7864B /* SearchMovieRouter.swift */; };
		844E845428C5C90200C7864B /* SearchMovieModels.swift in Sources */ = {isa = PBXBuildFile; fileRef = 844E844E28C5C90200C7864B /* SearchMovieModels.swift */; };
		844E845528C5C90200C7864B /* SearchMovieViewController.swift in Sources */ = {isa = PBXBuildFile; fileRef = 844E844F28C5C90200C7864B /* SearchMovieViewController.swift */; };
		844E845628C5C90200C7864B /* SearchMovieInteractor.swift in Sources */ = {isa = PBXBuildFile; fileRef = 844E845028C5C90200C7864B /* SearchMovieInteractor.swift */; };
		844E847C28C6118500C7864B /* SearchResultPresenter.swift in Sources */ = {isa = PBXBuildFile; fileRef = 844E847628C6118500C7864B /* SearchResultPresenter.swift */; };
		844E847D28C6118500C7864B /* SearchResultWorker.swift in Sources */ = {isa = PBXBuildFile; fileRef = 844E847728C6118500C7864B /* SearchResultWorker.swift */; };
		844E847E28C6118500C7864B /* SearchResultRouter.swift in Sources */ = {isa = PBXBuildFile; fileRef = 844E847828C6118500C7864B /* SearchResultRouter.swift */; };
		844E847F28C6118500C7864B /* SearchResultModels.swift in Sources */ = {isa = PBXBuildFile; fileRef = 844E847928C6118500C7864B /* SearchResultModels.swift */; };
		844E848028C6118500C7864B /* SearchResultViewController.swift in Sources */ = {isa = PBXBuildFile; fileRef = 844E847A28C6118500C7864B /* SearchResultViewController.swift */; };
		844E848128C6118500C7864B /* SearchResultInteractor.swift in Sources */ = {isa = PBXBuildFile; fileRef = 844E847B28C6118500C7864B /* SearchResultInteractor.swift */; };
		84634F5928A175900050DB63 /* UserManager.swift in Sources */ = {isa = PBXBuildFile; fileRef = 84634F5828A175900050DB63 /* UserManager.swift */; };
		84634F8228A3B88F0050DB63 /* ConfirmedViewController.swift in Sources */ = {isa = PBXBuildFile; fileRef = 84634F8128A3B88F0050DB63 /* ConfirmedViewController.swift */; };
		8465008B28CA066700D61E4A /* AlerTitle.swift in Sources */ = {isa = PBXBuildFile; fileRef = 8465008A28CA066700D61E4A /* AlerTitle.swift */; };
		8465009428CA0CE300D61E4A /* DetailsPresenter.swift in Sources */ = {isa = PBXBuildFile; fileRef = 8465008E28CA0CE300D61E4A /* DetailsPresenter.swift */; };
		8465009528CA0CE300D61E4A /* DetailsWorker.swift in Sources */ = {isa = PBXBuildFile; fileRef = 8465008F28CA0CE300D61E4A /* DetailsWorker.swift */; };
		8465009628CA0CE300D61E4A /* DetailsRouter.swift in Sources */ = {isa = PBXBuildFile; fileRef = 8465009028CA0CE300D61E4A /* DetailsRouter.swift */; };
		8465009728CA0CE300D61E4A /* DetailsModels.swift in Sources */ = {isa = PBXBuildFile; fileRef = 8465009128CA0CE300D61E4A /* DetailsModels.swift */; };
		8465009828CA0CE300D61E4A /* DetailsViewController.swift in Sources */ = {isa = PBXBuildFile; fileRef = 8465009228CA0CE300D61E4A /* DetailsViewController.swift */; };
		8465009928CA0CE300D61E4A /* DetailsInteractor.swift in Sources */ = {isa = PBXBuildFile; fileRef = 8465009328CA0CE300D61E4A /* DetailsInteractor.swift */; };
		846500A528CB1AF800D61E4A /* DetailsCell.swift in Sources */ = {isa = PBXBuildFile; fileRef = 846500A428CB1AF800D61E4A /* DetailsCell.swift */; };
		846500A828CB2E1000D61E4A /* DetailsOverviewCell.swift in Sources */ = {isa = PBXBuildFile; fileRef = 846500A728CB2E1000D61E4A /* DetailsOverviewCell.swift */; };
		846500B828CC63B200D61E4A /* NetworkService.swift in Sources */ = {isa = PBXBuildFile; fileRef = 846500B728CC63B100D61E4A /* NetworkService.swift */; };
		8472262528C86E6A00F46462 /* WatchedListPresenter.swift in Sources */ = {isa = PBXBuildFile; fileRef = 8472261F28C86E6A00F46462 /* WatchedListPresenter.swift */; };
		8472262628C86E6A00F46462 /* WatchedListWorker.swift in Sources */ = {isa = PBXBuildFile; fileRef = 8472262028C86E6A00F46462 /* WatchedListWorker.swift */; };
		8472262728C86E6A00F46462 /* WatchedListRouter.swift in Sources */ = {isa = PBXBuildFile; fileRef = 8472262128C86E6A00F46462 /* WatchedListRouter.swift */; };
		8472262828C86E6A00F46462 /* WatchedListModels.swift in Sources */ = {isa = PBXBuildFile; fileRef = 8472262228C86E6A00F46462 /* WatchedListModels.swift */; };
		8472262928C86E6A00F46462 /* WatchedListViewController.swift in Sources */ = {isa = PBXBuildFile; fileRef = 8472262328C86E6A00F46462 /* WatchedListViewController.swift */; };
		8472262A28C86E6A00F46462 /* WatchedListInteractor.swift in Sources */ = {isa = PBXBuildFile; fileRef = 8472262428C86E6A00F46462 /* WatchedListInteractor.swift */; };
		848FCFAB2893CC4D0056582C /* BackgroundImage.swift in Sources */ = {isa = PBXBuildFile; fileRef = 848FCFAA2893CC4C0056582C /* BackgroundImage.swift */; };
		848FCFB228952A690056582C /* User.swift in Sources */ = {isa = PBXBuildFile; fileRef = 848FCFB128952A680056582C /* User.swift */; };
		848FCFC028954DF00056582C /* RegistrationView.swift in Sources */ = {isa = PBXBuildFile; fileRef = 848FCFBF28954DEF0056582C /* RegistrationView.swift */; };
		849C562F28B35DAA006DC93D /* HomePresenter.swift in Sources */ = {isa = PBXBuildFile; fileRef = 849C562928B35DAA006DC93D /* HomePresenter.swift */; };
		849C563028B35DAA006DC93D /* HomeWorker.swift in Sources */ = {isa = PBXBuildFile; fileRef = 849C562A28B35DAA006DC93D /* HomeWorker.swift */; };
		849C563128B35DAA006DC93D /* HomeRouter.swift in Sources */ = {isa = PBXBuildFile; fileRef = 849C562B28B35DAA006DC93D /* HomeRouter.swift */; };
		849C563228B35DAA006DC93D /* HomeModels.swift in Sources */ = {isa = PBXBuildFile; fileRef = 849C562C28B35DAA006DC93D /* HomeModels.swift */; };
		849C563328B35DAA006DC93D /* HomeViewController.swift in Sources */ = {isa = PBXBuildFile; fileRef = 849C562D28B35DAA006DC93D /* HomeViewController.swift */; };
		849C563428B35DAA006DC93D /* HomeInteractor.swift in Sources */ = {isa = PBXBuildFile; fileRef = 849C562E28B35DAA006DC93D /* HomeInteractor.swift */; };
		849C563A28B36B68006DC93D /* APIWoker.swift in Sources */ = {isa = PBXBuildFile; fileRef = 849C563928B36B68006DC93D /* APIWoker.swift */; };
		84B3909A28900FF100B8CC2F /* ProfileViewController.swift in Sources */ = {isa = PBXBuildFile; fileRef = 84B3909928900FF100B8CC2F /* ProfileViewController.swift */; };
		84CF7EC828AF944A00297004 /* WelcomePresenter.swift in Sources */ = {isa = PBXBuildFile; fileRef = 84CF7EC228AF944A00297004 /* WelcomePresenter.swift */; };
		84CF7EC928AF944A00297004 /* WelcomeWorker.swift in Sources */ = {isa = PBXBuildFile; fileRef = 84CF7EC328AF944A00297004 /* WelcomeWorker.swift */; };
		84CF7ECA28AF944A00297004 /* WelcomeRouter.swift in Sources */ = {isa = PBXBuildFile; fileRef = 84CF7EC428AF944A00297004 /* WelcomeRouter.swift */; };
		84CF7ECB28AF944A00297004 /* WelcomeModels.swift in Sources */ = {isa = PBXBuildFile; fileRef = 84CF7EC528AF944A00297004 /* WelcomeModels.swift */; };
		84CF7ECC28AF944A00297004 /* WelcomeViewController.swift in Sources */ = {isa = PBXBuildFile; fileRef = 84CF7EC628AF944A00297004 /* WelcomeViewController.swift */; };
		84CF7ECD28AF944A00297004 /* WelcomeInteractor.swift in Sources */ = {isa = PBXBuildFile; fileRef = 84CF7EC728AF944A00297004 /* WelcomeInteractor.swift */; };
		84CF7ED828AF9A8D00297004 /* RegistationPresenter.swift in Sources */ = {isa = PBXBuildFile; fileRef = 84CF7ED228AF9A8D00297004 /* RegistationPresenter.swift */; };
		84CF7ED928AF9A8D00297004 /* RegistationWorker.swift in Sources */ = {isa = PBXBuildFile; fileRef = 84CF7ED328AF9A8D00297004 /* RegistationWorker.swift */; };
		84CF7EDA28AF9A8D00297004 /* RegistationRouter.swift in Sources */ = {isa = PBXBuildFile; fileRef = 84CF7ED428AF9A8D00297004 /* RegistationRouter.swift */; };
		84CF7EDB28AF9A8D00297004 /* RegistationModels.swift in Sources */ = {isa = PBXBuildFile; fileRef = 84CF7ED528AF9A8D00297004 /* RegistationModels.swift */; };
		84CF7EDC28AF9A8D00297004 /* RegistrationViewController.swift in Sources */ = {isa = PBXBuildFile; fileRef = 84CF7ED628AF9A8D00297004 /* RegistrationViewController.swift */; };
		84CF7EDD28AF9A8D00297004 /* RegistationInteractor.swift in Sources */ = {isa = PBXBuildFile; fileRef = 84CF7ED728AF9A8D00297004 /* RegistationInteractor.swift */; };
		84DB254427D36A8A0063685F /* TrailerViewModel.swift in Sources */ = {isa = PBXBuildFile; fileRef = 84DB254327D36A8A0063685F /* TrailerViewModel.swift */; };
		84E6EFE928C8814400172590 /* WatchedFilmTableViewCell.swift in Sources */ = {isa = PBXBuildFile; fileRef = 84E6EFE728C8814400172590 /* WatchedFilmTableViewCell.swift */; };
		84E6EFEE28C88F1E00172590 /* RegistrationField.swift in Sources */ = {isa = PBXBuildFile; fileRef = 84E6EFED28C88F1E00172590 /* RegistrationField.swift */; };
		84E6EFF328C8B3D200172590 /* MovieViewModel.swift in Sources */ = {isa = PBXBuildFile; fileRef = 84E6EFF228C8B3D200172590 /* MovieViewModel.swift */; };
		84F2B9C528CDDC1E006CECD7 /* MoreDetailsTableViewCell.swift in Sources */ = {isa = PBXBuildFile; fileRef = 84F2B9C428CDDC1E006CECD7 /* MoreDetailsTableViewCell.swift */; };
		84F2B9CA28CF4D1D006CECD7 /* AppConstants.swift in Sources */ = {isa = PBXBuildFile; fileRef = 84F2B9C928CF4D1D006CECD7 /* AppConstants.swift */; };
/* End PBXBuildFile section */

/* Begin PBXFileReference section */
		84209C7227C775AB003CE71D /* Netflix.app */ = {isa = PBXFileReference; explicitFileType = wrapper.application; includeInIndex = 0; path = Netflix.app; sourceTree = BUILT_PRODUCTS_DIR; };
		84209C7527C775AB003CE71D /* AppDelegate.swift */ = {isa = PBXFileReference; lastKnownFileType = sourcecode.swift; path = AppDelegate.swift; sourceTree = "<group>"; };
		84209C7727C775AC003CE71D /* SceneDelegate.swift */ = {isa = PBXFileReference; lastKnownFileType = sourcecode.swift; path = SceneDelegate.swift; sourceTree = "<group>"; };
		84209C7C27C775AC003CE71D /* Base */ = {isa = PBXFileReference; lastKnownFileType = file.storyboard; name = Base; path = Base.lproj/Main.storyboard; sourceTree = "<group>"; };
		84209C7E27C775B8003CE71D /* Assets.xcassets */ = {isa = PBXFileReference; lastKnownFileType = folder.assetcatalog; path = Assets.xcassets; sourceTree = "<group>"; };
		84209C8127C775B8003CE71D /* Base */ = {isa = PBXFileReference; lastKnownFileType = file.storyboard; name = Base; path = Base.lproj/LaunchScreen.storyboard; sourceTree = "<group>"; };
		84209C8327C775B8003CE71D /* Info.plist */ = {isa = PBXFileReference; lastKnownFileType = text.plist.xml; path = Info.plist; sourceTree = "<group>"; };
		84209C8A27C776C1003CE71D /* MoviesTableViewCell.swift */ = {isa = PBXFileReference; lastKnownFileType = sourcecode.swift; path = MoviesTableViewCell.swift; sourceTree = "<group>"; };
		84209C8D27C77A7F003CE71D /* MovieCollectionViewCell.swift */ = {isa = PBXFileReference; lastKnownFileType = sourcecode.swift; path = MovieCollectionViewCell.swift; sourceTree = "<group>"; };
		8424EF4328ABD91800F30E6C /* GoogleService-Info.plist */ = {isa = PBXFileReference; fileEncoding = 4; lastKnownFileType = text.plist.xml; path = "GoogleService-Info.plist"; sourceTree = "<group>"; };
		8424EF6A28AD16C900F30E6C /* ConstantFile.swift */ = {isa = PBXFileReference; lastKnownFileType = sourcecode.swift; path = ConstantFile.swift; sourceTree = "<group>"; };
		842FA08B27D0EAD900B206F6 /* SearchCollectionViewcell.swift */ = {isa = PBXFileReference; lastKnownFileType = sourcecode.swift; path = SearchCollectionViewcell.swift; sourceTree = "<group>"; };
		842FA08F27D2275600B206F6 /* YoutubeSearchResponse.swift */ = {isa = PBXFileReference; lastKnownFileType = sourcecode.swift; path = YoutubeSearchResponse.swift; sourceTree = "<group>"; };
		8434F9ED27C8F58200377DE2 /* Poster.swift */ = {isa = PBXFileReference; lastKnownFileType = sourcecode.swift; path = Poster.swift; sourceTree = "<group>"; };
		8434F9F127CA4ADA00377DE2 /* APIColler.swift */ = {isa = PBXFileReference; lastKnownFileType = sourcecode.swift; path = APIColler.swift; sourceTree = "<group>"; };
		8434F9F527CB8CE200377DE2 /* Movie.swift */ = {isa = PBXFileReference; lastKnownFileType = sourcecode.swift; path = Movie.swift; sourceTree = "<group>"; };
		8434F9F927CB8D3500377DE2 /* Extensions.swift */ = {isa = PBXFileReference; lastKnownFileType = sourcecode.swift; path = Extensions.swift; sourceTree = "<group>"; };
		8434FA0327CF86BC00377DE2 /* MovieCell.swift */ = {isa = PBXFileReference; lastKnownFileType = sourcecode.swift; path = MovieCell.swift; sourceTree = "<group>"; };
		844E842728C1E7F400C7864B /* ComingSoonPresenter.swift */ = {isa = PBXFileReference; lastKnownFileType = sourcecode.swift; path = ComingSoonPresenter.swift; sourceTree = "<group>"; };
		844E842828C1E7F400C7864B /* ComingSoonWorker.swift */ = {isa = PBXFileReference; lastKnownFileType = sourcecode.swift; path = ComingSoonWorker.swift; sourceTree = "<group>"; };
		844E842928C1E7F400C7864B /* ComingSoonRouter.swift */ = {isa = PBXFileReference; lastKnownFileType = sourcecode.swift; path = ComingSoonRouter.swift; sourceTree = "<group>"; };
		844E842A28C1E7F400C7864B /* ComingSoonModels.swift */ = {isa = PBXFileReference; lastKnownFileType = sourcecode.swift; path = ComingSoonModels.swift; sourceTree = "<group>"; };
		844E842B28C1E7F400C7864B /* ComingSoonViewController.swift */ = {isa = PBXFileReference; lastKnownFileType = sourcecode.swift; path = ComingSoonViewController.swift; sourceTree = "<group>"; };
		844E842C28C1E7F400C7864B /* ComingSoonInteractor.swift */ = {isa = PBXFileReference; lastKnownFileType = sourcecode.swift; path = ComingSoonInteractor.swift; sourceTree = "<group>"; };
		844E843D28C5BCAF00C7864B /* MovieTrailerPresenter.swift */ = {isa = PBXFileReference; lastKnownFileType = sourcecode.swift; path = MovieTrailerPresenter.swift; sourceTree = "<group>"; };
		844E843E28C5BCAF00C7864B /* MovieTrailerWorker.swift */ = {isa = PBXFileReference; lastKnownFileType = sourcecode.swift; path = MovieTrailerWorker.swift; sourceTree = "<group>"; };
		844E843F28C5BCAF00C7864B /* MovieTrailerRouter.swift */ = {isa = PBXFileReference; lastKnownFileType = sourcecode.swift; path = MovieTrailerRouter.swift; sourceTree = "<group>"; };
		844E844028C5BCAF00C7864B /* MovieTrailerModels.swift */ = {isa = PBXFileReference; lastKnownFileType = sourcecode.swift; path = MovieTrailerModels.swift; sourceTree = "<group>"; };
		844E844128C5BCAF00C7864B /* MovieTrailerViewController.swift */ = {isa = PBXFileReference; lastKnownFileType = sourcecode.swift; path = MovieTrailerViewController.swift; sourceTree = "<group>"; };
		844E844228C5BCAF00C7864B /* MovieTrailerInteractor.swift */ = {isa = PBXFileReference; lastKnownFileType = sourcecode.swift; path = MovieTrailerInteractor.swift; sourceTree = "<group>"; };
		844E844B28C5C90200C7864B /* SearchMoviePresenter.swift */ = {isa = PBXFileReference; lastKnownFileType = sourcecode.swift; path = SearchMoviePresenter.swift; sourceTree = "<group>"; };
		844E844C28C5C90200C7864B /* SearchMovieWorker.swift */ = {isa = PBXFileReference; lastKnownFileType = sourcecode.swift; path = SearchMovieWorker.swift; sourceTree = "<group>"; };
		844E844D28C5C90200C7864B /* SearchMovieRouter.swift */ = {isa = PBXFileReference; lastKnownFileType = sourcecode.swift; path = SearchMovieRouter.swift; sourceTree = "<group>"; };
		844E844E28C5C90200C7864B /* SearchMovieModels.swift */ = {isa = PBXFileReference; lastKnownFileType = sourcecode.swift; path = SearchMovieModels.swift; sourceTree = "<group>"; };
		844E844F28C5C90200C7864B /* SearchMovieViewController.swift */ = {isa = PBXFileReference; lastKnownFileType = sourcecode.swift; path = SearchMovieViewController.swift; sourceTree = "<group>"; };
		844E845028C5C90200C7864B /* SearchMovieInteractor.swift */ = {isa = PBXFileReference; lastKnownFileType = sourcecode.swift; path = SearchMovieInteractor.swift; sourceTree = "<group>"; };
		844E847628C6118500C7864B /* SearchResultPresenter.swift */ = {isa = PBXFileReference; lastKnownFileType = sourcecode.swift; path = SearchResultPresenter.swift; sourceTree = "<group>"; };
		844E847728C6118500C7864B /* SearchResultWorker.swift */ = {isa = PBXFileReference; lastKnownFileType = sourcecode.swift; path = SearchResultWorker.swift; sourceTree = "<group>"; };
		844E847828C6118500C7864B /* SearchResultRouter.swift */ = {isa = PBXFileReference; lastKnownFileType = sourcecode.swift; path = SearchResultRouter.swift; sourceTree = "<group>"; };
		844E847928C6118500C7864B /* SearchResultModels.swift */ = {isa = PBXFileReference; lastKnownFileType = sourcecode.swift; path = SearchResultModels.swift; sourceTree = "<group>"; };
		844E847A28C6118500C7864B /* SearchResultViewController.swift */ = {isa = PBXFileReference; lastKnownFileType = sourcecode.swift; path = SearchResultViewController.swift; sourceTree = "<group>"; };
		844E847B28C6118500C7864B /* SearchResultInteractor.swift */ = {isa = PBXFileReference; lastKnownFileType = sourcecode.swift; path = SearchResultInteractor.swift; sourceTree = "<group>"; };
		84634F5828A175900050DB63 /* UserManager.swift */ = {isa = PBXFileReference; lastKnownFileType = sourcecode.swift; path = UserManager.swift; sourceTree = "<group>"; };
		84634F8128A3B88F0050DB63 /* ConfirmedViewController.swift */ = {isa = PBXFileReference; lastKnownFileType = sourcecode.swift; path = ConfirmedViewController.swift; sourceTree = "<group>"; };
		8465008A28CA066700D61E4A /* AlerTitle.swift */ = {isa = PBXFileReference; lastKnownFileType = sourcecode.swift; path = AlerTitle.swift; sourceTree = "<group>"; };
		8465008E28CA0CE300D61E4A /* DetailsPresenter.swift */ = {isa = PBXFileReference; lastKnownFileType = sourcecode.swift; path = DetailsPresenter.swift; sourceTree = "<group>"; };
		8465008F28CA0CE300D61E4A /* DetailsWorker.swift */ = {isa = PBXFileReference; lastKnownFileType = sourcecode.swift; path = DetailsWorker.swift; sourceTree = "<group>"; };
		8465009028CA0CE300D61E4A /* DetailsRouter.swift */ = {isa = PBXFileReference; lastKnownFileType = sourcecode.swift; path = DetailsRouter.swift; sourceTree = "<group>"; };
		8465009128CA0CE300D61E4A /* DetailsModels.swift */ = {isa = PBXFileReference; lastKnownFileType = sourcecode.swift; path = DetailsModels.swift; sourceTree = "<group>"; };
		8465009228CA0CE300D61E4A /* DetailsViewController.swift */ = {isa = PBXFileReference; lastKnownFileType = sourcecode.swift; path = DetailsViewController.swift; sourceTree = "<group>"; };
		8465009328CA0CE300D61E4A /* DetailsInteractor.swift */ = {isa = PBXFileReference; lastKnownFileType = sourcecode.swift; path = DetailsInteractor.swift; sourceTree = "<group>"; };
		846500A428CB1AF800D61E4A /* DetailsCell.swift */ = {isa = PBXFileReference; lastKnownFileType = sourcecode.swift; path = DetailsCell.swift; sourceTree = "<group>"; };
		846500A728CB2E1000D61E4A /* DetailsOverviewCell.swift */ = {isa = PBXFileReference; lastKnownFileType = sourcecode.swift; path = DetailsOverviewCell.swift; sourceTree = "<group>"; };
		846500B728CC63B100D61E4A /* NetworkService.swift */ = {isa = PBXFileReference; lastKnownFileType = sourcecode.swift; path = NetworkService.swift; sourceTree = "<group>"; };
		8472261F28C86E6A00F46462 /* WatchedListPresenter.swift */ = {isa = PBXFileReference; lastKnownFileType = sourcecode.swift; path = WatchedListPresenter.swift; sourceTree = "<group>"; };
		8472262028C86E6A00F46462 /* WatchedListWorker.swift */ = {isa = PBXFileReference; lastKnownFileType = sourcecode.swift; path = WatchedListWorker.swift; sourceTree = "<group>"; };
		8472262128C86E6A00F46462 /* WatchedListRouter.swift */ = {isa = PBXFileReference; lastKnownFileType = sourcecode.swift; path = WatchedListRouter.swift; sourceTree = "<group>"; };
		8472262228C86E6A00F46462 /* WatchedListModels.swift */ = {isa = PBXFileReference; lastKnownFileType = sourcecode.swift; path = WatchedListModels.swift; sourceTree = "<group>"; };
		8472262328C86E6A00F46462 /* WatchedListViewController.swift */ = {isa = PBXFileReference; lastKnownFileType = sourcecode.swift; path = WatchedListViewController.swift; sourceTree = "<group>"; };
		8472262428C86E6A00F46462 /* WatchedListInteractor.swift */ = {isa = PBXFileReference; lastKnownFileType = sourcecode.swift; path = WatchedListInteractor.swift; sourceTree = "<group>"; };
		848FCFAA2893CC4C0056582C /* BackgroundImage.swift */ = {isa = PBXFileReference; lastKnownFileType = sourcecode.swift; path = BackgroundImage.swift; sourceTree = "<group>"; };
		848FCFB128952A680056582C /* User.swift */ = {isa = PBXFileReference; lastKnownFileType = sourcecode.swift; path = User.swift; sourceTree = "<group>"; };
		848FCFBF28954DEF0056582C /* RegistrationView.swift */ = {isa = PBXFileReference; lastKnownFileType = sourcecode.swift; path = RegistrationView.swift; sourceTree = "<group>"; };
		849C562928B35DAA006DC93D /* HomePresenter.swift */ = {isa = PBXFileReference; lastKnownFileType = sourcecode.swift; path = HomePresenter.swift; sourceTree = "<group>"; };
		849C562A28B35DAA006DC93D /* HomeWorker.swift */ = {isa = PBXFileReference; lastKnownFileType = sourcecode.swift; path = HomeWorker.swift; sourceTree = "<group>"; };
		849C562B28B35DAA006DC93D /* HomeRouter.swift */ = {isa = PBXFileReference; lastKnownFileType = sourcecode.swift; path = HomeRouter.swift; sourceTree = "<group>"; };
		849C562C28B35DAA006DC93D /* HomeModels.swift */ = {isa = PBXFileReference; lastKnownFileType = sourcecode.swift; path = HomeModels.swift; sourceTree = "<group>"; };
		849C562D28B35DAA006DC93D /* HomeViewController.swift */ = {isa = PBXFileReference; lastKnownFileType = sourcecode.swift; path = HomeViewController.swift; sourceTree = "<group>"; };
		849C562E28B35DAA006DC93D /* HomeInteractor.swift */ = {isa = PBXFileReference; lastKnownFileType = sourcecode.swift; path = HomeInteractor.swift; sourceTree = "<group>"; };
		849C563928B36B68006DC93D /* APIWoker.swift */ = {isa = PBXFileReference; lastKnownFileType = sourcecode.swift; path = APIWoker.swift; sourceTree = "<group>"; };
		84B3909928900FF100B8CC2F /* ProfileViewController.swift */ = {isa = PBXFileReference; lastKnownFileType = sourcecode.swift; path = ProfileViewController.swift; sourceTree = "<group>"; };
		84CF7EC228AF944A00297004 /* WelcomePresenter.swift */ = {isa = PBXFileReference; lastKnownFileType = sourcecode.swift; path = WelcomePresenter.swift; sourceTree = "<group>"; };
		84CF7EC328AF944A00297004 /* WelcomeWorker.swift */ = {isa = PBXFileReference; lastKnownFileType = sourcecode.swift; path = WelcomeWorker.swift; sourceTree = "<group>"; };
		84CF7EC428AF944A00297004 /* WelcomeRouter.swift */ = {isa = PBXFileReference; lastKnownFileType = sourcecode.swift; path = WelcomeRouter.swift; sourceTree = "<group>"; };
		84CF7EC528AF944A00297004 /* WelcomeModels.swift */ = {isa = PBXFileReference; lastKnownFileType = sourcecode.swift; path = WelcomeModels.swift; sourceTree = "<group>"; };
		84CF7EC628AF944A00297004 /* WelcomeViewController.swift */ = {isa = PBXFileReference; lastKnownFileType = sourcecode.swift; path = WelcomeViewController.swift; sourceTree = "<group>"; };
		84CF7EC728AF944A00297004 /* WelcomeInteractor.swift */ = {isa = PBXFileReference; lastKnownFileType = sourcecode.swift; path = WelcomeInteractor.swift; sourceTree = "<group>"; };
		84CF7ED228AF9A8D00297004 /* RegistationPresenter.swift */ = {isa = PBXFileReference; lastKnownFileType = sourcecode.swift; path = RegistationPresenter.swift; sourceTree = "<group>"; };
		84CF7ED328AF9A8D00297004 /* RegistationWorker.swift */ = {isa = PBXFileReference; lastKnownFileType = sourcecode.swift; path = RegistationWorker.swift; sourceTree = "<group>"; };
		84CF7ED428AF9A8D00297004 /* RegistationRouter.swift */ = {isa = PBXFileReference; lastKnownFileType = sourcecode.swift; path = RegistationRouter.swift; sourceTree = "<group>"; };
		84CF7ED528AF9A8D00297004 /* RegistationModels.swift */ = {isa = PBXFileReference; lastKnownFileType = sourcecode.swift; path = RegistationModels.swift; sourceTree = "<group>"; };
		84CF7ED628AF9A8D00297004 /* RegistrationViewController.swift */ = {isa = PBXFileReference; lastKnownFileType = sourcecode.swift; path = RegistrationViewController.swift; sourceTree = "<group>"; };
		84CF7ED728AF9A8D00297004 /* RegistationInteractor.swift */ = {isa = PBXFileReference; lastKnownFileType = sourcecode.swift; path = RegistationInteractor.swift; sourceTree = "<group>"; };
		84DB254327D36A8A0063685F /* TrailerViewModel.swift */ = {isa = PBXFileReference; lastKnownFileType = sourcecode.swift; path = TrailerViewModel.swift; sourceTree = "<group>"; };
		84E6EFE728C8814400172590 /* WatchedFilmTableViewCell.swift */ = {isa = PBXFileReference; lastKnownFileType = sourcecode.swift; path = WatchedFilmTableViewCell.swift; sourceTree = "<group>"; };
		84E6EFED28C88F1E00172590 /* RegistrationField.swift */ = {isa = PBXFileReference; lastKnownFileType = sourcecode.swift; path = RegistrationField.swift; sourceTree = "<group>"; };
		84E6EFF228C8B3D200172590 /* MovieViewModel.swift */ = {isa = PBXFileReference; lastKnownFileType = sourcecode.swift; path = MovieViewModel.swift; sourceTree = "<group>"; };
		84F2B9C428CDDC1E006CECD7 /* MoreDetailsTableViewCell.swift */ = {isa = PBXFileReference; lastKnownFileType = sourcecode.swift; path = MoreDetailsTableViewCell.swift; sourceTree = "<group>"; };
		84F2B9C928CF4D1D006CECD7 /* AppConstants.swift */ = {isa = PBXFileReference; lastKnownFileType = sourcecode.swift; path = AppConstants.swift; sourceTree = "<group>"; };
/* End PBXFileReference section */

/* Begin PBXFrameworksBuildPhase section */
		84209C6F27C775AB003CE71D /* Frameworks */ = {
			isa = PBXFrameworksBuildPhase;
			buildActionMask = 2147483647;
			files = (
				8424EF5F28ABDF0B00F30E6C /* FirebaseDatabase in Frameworks */,
				8424EF5D28ABDF0B00F30E6C /* FirebaseAuth in Frameworks */,
				8424EF6728ACCD7300F30E6C /* FirebaseFirestore in Frameworks */,
			);
			runOnlyForDeploymentPostprocessing = 0;
		};
/* End PBXFrameworksBuildPhase section */

/* Begin PBXGroup section */
		84106C8D28ABA577009B38E8 /* CustomBackgroundViewController */ = {
			isa = PBXGroup;
			children = (
				848FCFAA2893CC4C0056582C /* BackgroundImage.swift */,
			);
			path = CustomBackgroundViewController;
			sourceTree = "<group>";
		};
		84209C6927C775AB003CE71D = {
			isa = PBXGroup;
			children = (
				84209C7427C775AB003CE71D /* Netflix */,
				84209C7327C775AB003CE71D /* Products */,
			);
			sourceTree = "<group>";
			usesTabs = 0;
		};
		84209C7327C775AB003CE71D /* Products */ = {
			isa = PBXGroup;
			children = (
				84209C7227C775AB003CE71D /* Netflix.app */,
			);
			name = Products;
			sourceTree = "<group>";
		};
		84209C7427C775AB003CE71D /* Netflix */ = {
			isa = PBXGroup;
			children = (
				84F2B9C828CF4D03006CECD7 /* AppConstants */,
				846500B628CC639400D61E4A /* Service */,
				844E843728C37E7000C7864B /* Cells */,
				849C563828B36B36006DC93D /* Wokers */,
				8424EF6E28AF8D5C00F30E6C /* Scenes */,
				8424EF6928AD16B700F30E6C /* Constant */,
				848FCFBC28954D900056582C /* Views */,
				84209C9027C7B43F003CE71D /* Controllers */,
				8434F9F027CA4ABC00377DE2 /* Managers */,
				84E6EFF128C8B3BB00172590 /* ViewModel */,
				8434F9F427CB8CAE00377DE2 /* Models */,
				8434F9F827CB8D1C00377DE2 /* Extensions */,
				84209C7B27C775AC003CE71D /* Main.storyboard */,
				84209C7527C775AB003CE71D /* AppDelegate.swift */,
				84209C7727C775AC003CE71D /* SceneDelegate.swift */,
				84209C7E27C775B8003CE71D /* Assets.xcassets */,
				84209C8027C775B8003CE71D /* LaunchScreen.storyboard */,
				84209C8327C775B8003CE71D /* Info.plist */,
				8424EF4328ABD91800F30E6C /* GoogleService-Info.plist */,
			);
			path = Netflix;
			sourceTree = "<group>";
		};
		84209C9027C7B43F003CE71D /* Controllers */ = {
			isa = PBXGroup;
			children = (
				84106C8D28ABA577009B38E8 /* CustomBackgroundViewController */,
				842FA09327D23CDE00B206F6 /* General */,
			);
			path = Controllers;
			sourceTree = "<group>";
		};
		8424EF6928AD16B700F30E6C /* Constant */ = {
			isa = PBXGroup;
			children = (
				84E6EFED28C88F1E00172590 /* RegistrationField.swift */,
				8424EF6A28AD16C900F30E6C /* ConstantFile.swift */,
				8465008A28CA066700D61E4A /* AlerTitle.swift */,
			);
			path = Constant;
			sourceTree = "<group>";
		};
		8424EF6E28AF8D5C00F30E6C /* Scenes */ = {
			isa = PBXGroup;
			children = (
				84CF7EC128AF942A00297004 /* Welcome */,
				84CF7ED128AF9A6E00297004 /* Registation */,
				849C562828B35D88006DC93D /* Home */,
				844E842628C1E73800C7864B /* ComingSoon */,
				844E844A28C5C8CE00C7864B /* Search */,
				844E845828C60DDF00C7864B /* SearchResult */,
				8472261E28C86E1100F46462 /* WatchedList */,
				844E843C28C5BAE100C7864B /* MovieTrailer */,
				8465008D28CA0C6600D61E4A /* MovieDetails */,
			);
			path = Scenes;
			sourceTree = "<group>";
		};
		842FA09327D23CDE00B206F6 /* General */ = {
			isa = PBXGroup;
			children = (
				84B3909928900FF100B8CC2F /* ProfileViewController.swift */,
				84634F8128A3B88F0050DB63 /* ConfirmedViewController.swift */,
			);
			path = General;
			sourceTree = "<group>";
		};
		8434F9EB27C8F54700377DE2 /* PosterView */ = {
			isa = PBXGroup;
			children = (
				8434F9ED27C8F58200377DE2 /* Poster.swift */,
			);
			path = PosterView;
			sourceTree = "<group>";
		};
		8434F9F027CA4ABC00377DE2 /* Managers */ = {
			isa = PBXGroup;
			children = (
				8434F9F127CA4ADA00377DE2 /* APIColler.swift */,
			);
			path = Managers;
			sourceTree = "<group>";
		};
		8434F9F427CB8CAE00377DE2 /* Models */ = {
			isa = PBXGroup;
			children = (
				8434F9F527CB8CE200377DE2 /* Movie.swift */,
				842FA08F27D2275600B206F6 /* YoutubeSearchResponse.swift */,
				848FCFB128952A680056582C /* User.swift */,
				84634F5828A175900050DB63 /* UserManager.swift */,
			);
			path = Models;
			sourceTree = "<group>";
		};
		8434F9F827CB8D1C00377DE2 /* Extensions */ = {
			isa = PBXGroup;
			children = (
				8434F9F927CB8D3500377DE2 /* Extensions.swift */,
			);
			path = Extensions;
			sourceTree = "<group>";
		};
		844E842628C1E73800C7864B /* ComingSoon */ = {
			isa = PBXGroup;
			children = (
				844E842B28C1E7F400C7864B /* ComingSoonViewController.swift */,
				844E842C28C1E7F400C7864B /* ComingSoonInteractor.swift */,
				844E842728C1E7F400C7864B /* ComingSoonPresenter.swift */,
				844E842828C1E7F400C7864B /* ComingSoonWorker.swift */,
				844E842928C1E7F400C7864B /* ComingSoonRouter.swift */,
				844E842A28C1E7F400C7864B /* ComingSoonModels.swift */,
			);
			path = ComingSoon;
			sourceTree = "<group>";
		};
		844E843728C37E7000C7864B /* Cells */ = {
			isa = PBXGroup;
			children = (
				8434FA0327CF86BC00377DE2 /* MovieCell.swift */,
			);
			path = Cells;
			sourceTree = "<group>";
		};
		844E843C28C5BAE100C7864B /* MovieTrailer */ = {
			isa = PBXGroup;
			children = (
				844E844128C5BCAF00C7864B /* MovieTrailerViewController.swift */,
				844E844228C5BCAF00C7864B /* MovieTrailerInteractor.swift */,
				844E843D28C5BCAF00C7864B /* MovieTrailerPresenter.swift */,
				844E843E28C5BCAF00C7864B /* MovieTrailerWorker.swift */,
				844E843F28C5BCAF00C7864B /* MovieTrailerRouter.swift */,
				844E844028C5BCAF00C7864B /* MovieTrailerModels.swift */,
			);
			path = MovieTrailer;
			sourceTree = "<group>";
		};
		844E844A28C5C8CE00C7864B /* Search */ = {
			isa = PBXGroup;
			children = (
				844E844F28C5C90200C7864B /* SearchMovieViewController.swift */,
				844E845028C5C90200C7864B /* SearchMovieInteractor.swift */,
				844E844B28C5C90200C7864B /* SearchMoviePresenter.swift */,
				844E844C28C5C90200C7864B /* SearchMovieWorker.swift */,
				844E844D28C5C90200C7864B /* SearchMovieRouter.swift */,
				844E844E28C5C90200C7864B /* SearchMovieModels.swift */,
			);
			path = Search;
			sourceTree = "<group>";
		};
		844E845828C60DDF00C7864B /* SearchResult */ = {
			isa = PBXGroup;
			children = (
				8472261528C736B900F46462 /* Cell */,
				844E847A28C6118500C7864B /* SearchResultViewController.swift */,
				844E847B28C6118500C7864B /* SearchResultInteractor.swift */,
				844E847628C6118500C7864B /* SearchResultPresenter.swift */,
				844E847728C6118500C7864B /* SearchResultWorker.swift */,
				844E847828C6118500C7864B /* SearchResultRouter.swift */,
				844E847928C6118500C7864B /* SearchResultModels.swift */,
			);
			path = SearchResult;
			sourceTree = "<group>";
		};
		8465008D28CA0C6600D61E4A /* MovieDetails */ = {
			isa = PBXGroup;
			children = (
				846500A328CB1AD100D61E4A /* Cells */,
				8465009228CA0CE300D61E4A /* DetailsViewController.swift */,
				8465009328CA0CE300D61E4A /* DetailsInteractor.swift */,
				8465008E28CA0CE300D61E4A /* DetailsPresenter.swift */,
				8465008F28CA0CE300D61E4A /* DetailsWorker.swift */,
				8465009028CA0CE300D61E4A /* DetailsRouter.swift */,
				8465009128CA0CE300D61E4A /* DetailsModels.swift */,
			);
			path = MovieDetails;
			sourceTree = "<group>";
		};
		846500A328CB1AD100D61E4A /* Cells */ = {
			isa = PBXGroup;
			children = (
				846500A428CB1AF800D61E4A /* DetailsCell.swift */,
				84F2B9C428CDDC1E006CECD7 /* MoreDetailsTableViewCell.swift */,
				846500A728CB2E1000D61E4A /* DetailsOverviewCell.swift */,
			);
			path = Cells;
			sourceTree = "<group>";
		};
		846500B628CC639400D61E4A /* Service */ = {
			isa = PBXGroup;
			children = (
				846500B728CC63B100D61E4A /* NetworkService.swift */,
			);
			path = Service;
			sourceTree = "<group>";
		};
		8472260E28C71F3A00F46462 /* Cell */ = {
			isa = PBXGroup;
			children = (
				84209C8A27C776C1003CE71D /* MoviesTableViewCell.swift */,
				84209C8D27C77A7F003CE71D /* MovieCollectionViewCell.swift */,
			);
			path = Cell;
			sourceTree = "<group>";
		};
		8472261528C736B900F46462 /* Cell */ = {
			isa = PBXGroup;
			children = (
				842FA08B27D0EAD900B206F6 /* SearchCollectionViewcell.swift */,
			);
			path = Cell;
			sourceTree = "<group>";
		};
		8472261E28C86E1100F46462 /* WatchedList */ = {
			isa = PBXGroup;
			children = (
				84E6EFDF28C86FB100172590 /* Cell */,
				8472262328C86E6A00F46462 /* WatchedListViewController.swift */,
				8472262428C86E6A00F46462 /* WatchedListInteractor.swift */,
				8472261F28C86E6A00F46462 /* WatchedListPresenter.swift */,
				8472262028C86E6A00F46462 /* WatchedListWorker.swift */,
				8472262128C86E6A00F46462 /* WatchedListRouter.swift */,
				8472262228C86E6A00F46462 /* WatchedListModels.swift */,
			);
			path = WatchedList;
			sourceTree = "<group>";
		};
		848FCFBC28954D900056582C /* Views */ = {
			isa = PBXGroup;
			children = (
				8434F9EB27C8F54700377DE2 /* PosterView */,
			);
			path = Views;
			sourceTree = "<group>";
		};
		848FCFBE28954D9F0056582C /* RegistrationView */ = {
			isa = PBXGroup;
			children = (
				848FCFBF28954DEF0056582C /* RegistrationView.swift */,
			);
			path = RegistrationView;
			sourceTree = "<group>";
		};
		849C562828B35D88006DC93D /* Home */ = {
			isa = PBXGroup;
			children = (
				8472260E28C71F3A00F46462 /* Cell */,
				849C562D28B35DAA006DC93D /* HomeViewController.swift */,
				849C562E28B35DAA006DC93D /* HomeInteractor.swift */,
				849C562928B35DAA006DC93D /* HomePresenter.swift */,
				849C562A28B35DAA006DC93D /* HomeWorker.swift */,
				849C562B28B35DAA006DC93D /* HomeRouter.swift */,
				849C562C28B35DAA006DC93D /* HomeModels.swift */,
			);
			path = Home;
			sourceTree = "<group>";
		};
		849C563828B36B36006DC93D /* Wokers */ = {
			isa = PBXGroup;
			children = (
				849C563928B36B68006DC93D /* APIWoker.swift */,
			);
			path = Wokers;
			sourceTree = "<group>";
		};
		84CF7EC128AF942A00297004 /* Welcome */ = {
			isa = PBXGroup;
			children = (
				84CF7EC628AF944A00297004 /* WelcomeViewController.swift */,
				84CF7EC728AF944A00297004 /* WelcomeInteractor.swift */,
				84CF7EC228AF944A00297004 /* WelcomePresenter.swift */,
				84CF7EC328AF944A00297004 /* WelcomeWorker.swift */,
				84CF7EC428AF944A00297004 /* WelcomeRouter.swift */,
				84CF7EC528AF944A00297004 /* WelcomeModels.swift */,
			);
			path = Welcome;
			sourceTree = "<group>";
		};
		84CF7ED128AF9A6E00297004 /* Registation */ = {
			isa = PBXGroup;
			children = (
				84F2B9CF28CFA128006CECD7 /* View */,
				84CF7ED628AF9A8D00297004 /* RegistrationViewController.swift */,
				84CF7ED728AF9A8D00297004 /* RegistationInteractor.swift */,
				84CF7ED228AF9A8D00297004 /* RegistationPresenter.swift */,
				84CF7ED328AF9A8D00297004 /* RegistationWorker.swift */,
				84CF7ED428AF9A8D00297004 /* RegistationRouter.swift */,
				84CF7ED528AF9A8D00297004 /* RegistationModels.swift */,
			);
			path = Registation;
			sourceTree = "<group>";
		};
		84E6EFDF28C86FB100172590 /* Cell */ = {
			isa = PBXGroup;
			children = (
				84E6EFE728C8814400172590 /* WatchedFilmTableViewCell.swift */,
			);
			path = Cell;
			sourceTree = "<group>";
		};
		84E6EFF128C8B3BB00172590 /* ViewModel */ = {
			isa = PBXGroup;
			children = (
				84DB254327D36A8A0063685F /* TrailerViewModel.swift */,
				84E6EFF228C8B3D200172590 /* MovieViewModel.swift */,
			);
			path = ViewModel;
			sourceTree = "<group>";
		};
		84F2B9C828CF4D03006CECD7 /* AppConstants */ = {
			isa = PBXGroup;
			children = (
				84F2B9C928CF4D1D006CECD7 /* AppConstants.swift */,
			);
			path = AppConstants;
			sourceTree = "<group>";
		};
		84F2B9CF28CFA128006CECD7 /* View */ = {
			isa = PBXGroup;
			children = (
				848FCFBE28954D9F0056582C /* RegistrationView */,
			);
			path = View;
			sourceTree = "<group>";
		};
/* End PBXGroup section */

/* Begin PBXNativeTarget section */
		84209C7127C775AB003CE71D /* Netflix */ = {
			isa = PBXNativeTarget;
			buildConfigurationList = 84209C8627C775B8003CE71D /* Build configuration list for PBXNativeTarget "Netflix" */;
			buildPhases = (
				84209C6E27C775AB003CE71D /* Sources */,
				84209C6F27C775AB003CE71D /* Frameworks */,
				84209C7027C775AB003CE71D /* Resources */,
			);
			buildRules = (
			);
			dependencies = (
			);
			name = Netflix;
			packageProductDependencies = (
				8424EF5C28ABDF0B00F30E6C /* FirebaseAuth */,
				8424EF5E28ABDF0B00F30E6C /* FirebaseDatabase */,
				8424EF6628ACCD7300F30E6C /* FirebaseFirestore */,
			);
			productName = Netflix;
			productReference = 84209C7227C775AB003CE71D /* Netflix.app */;
			productType = "com.apple.product-type.application";
		};
/* End PBXNativeTarget section */

/* Begin PBXProject section */
		84209C6A27C775AB003CE71D /* Project object */ = {
			isa = PBXProject;
			attributes = {
				LastSwiftUpdateCheck = 1240;
				LastUpgradeCheck = 1240;
				TargetAttributes = {
					84209C7127C775AB003CE71D = {
						CreatedOnToolsVersion = 12.4;
					};
				};
			};
			buildConfigurationList = 84209C6D27C775AB003CE71D /* Build configuration list for PBXProject "Netflix" */;
			compatibilityVersion = "Xcode 9.3";
			developmentRegion = en;
			hasScannedForEncodings = 0;
			knownRegions = (
				en,
				Base,
			);
			mainGroup = 84209C6927C775AB003CE71D;
			packageReferences = (
				8424EF5B28ABDF0B00F30E6C /* XCRemoteSwiftPackageReference "firebase-ios-sdk" */,
			);
			productRefGroup = 84209C7327C775AB003CE71D /* Products */;
			projectDirPath = "";
			projectRoot = "";
			targets = (
				84209C7127C775AB003CE71D /* Netflix */,
			);
		};
/* End PBXProject section */

/* Begin PBXResourcesBuildPhase section */
		84209C7027C775AB003CE71D /* Resources */ = {
			isa = PBXResourcesBuildPhase;
			buildActionMask = 2147483647;
			files = (
				84209C8227C775B8003CE71D /* LaunchScreen.storyboard in Resources */,
				84209C7F27C775B8003CE71D /* Assets.xcassets in Resources */,
				84209C7D27C775AC003CE71D /* Main.storyboard in Resources */,
				8424EF4428ABD91800F30E6C /* GoogleService-Info.plist in Resources */,
			);
			runOnlyForDeploymentPostprocessing = 0;
		};
/* End PBXResourcesBuildPhase section */

/* Begin PBXSourcesBuildPhase section */
		84209C6E27C775AB003CE71D /* Sources */ = {
			isa = PBXSourcesBuildPhase;
			buildActionMask = 2147483647;
			files = (
				8472262628C86E6A00F46462 /* WatchedListWorker.swift in Sources */,
				844E848128C6118500C7864B /* SearchResultInteractor.swift in Sources */,
				849C563228B35DAA006DC93D /* HomeModels.swift in Sources */,
				84CF7EDA28AF9A8D00297004 /* RegistationRouter.swift in Sources */,
				8472262828C86E6A00F46462 /* WatchedListModels.swift in Sources */,
				8434F9F227CA4ADA00377DE2 /* APIColler.swift in Sources */,
				84634F5928A175900050DB63 /* UserManager.swift in Sources */,
				844E842F28C1E7F400C7864B /* ComingSoonRouter.swift in Sources */,
				84634F8228A3B88F0050DB63 /* ConfirmedViewController.swift in Sources */,
				844E848028C6118500C7864B /* SearchResultViewController.swift in Sources */,
				844E843128C1E7F400C7864B /* ComingSoonViewController.swift in Sources */,
				844E847E28C6118500C7864B /* SearchResultRouter.swift in Sources */,
				848FCFC028954DF00056582C /* RegistrationView.swift in Sources */,
				8472262928C86E6A00F46462 /* WatchedListViewController.swift in Sources */,
				844E844728C5BCAF00C7864B /* MovieTrailerViewController.swift in Sources */,
				84CF7ECC28AF944A00297004 /* WelcomeViewController.swift in Sources */,
				844E843228C1E7F400C7864B /* ComingSoonInteractor.swift in Sources */,
				844E847F28C6118500C7864B /* SearchResultModels.swift in Sources */,
				84E6EFE928C8814400172590 /* WatchedFilmTableViewCell.swift in Sources */,
				84CF7EC828AF944A00297004 /* WelcomePresenter.swift in Sources */,
				8465009828CA0CE300D61E4A /* DetailsViewController.swift in Sources */,
				84209C8E27C77A7F003CE71D /* MovieCollectionViewCell.swift in Sources */,
				84CF7ED928AF9A8D00297004 /* RegistationWorker.swift in Sources */,
				844E847C28C6118500C7864B /* SearchResultPresenter.swift in Sources */,
				8465009728CA0CE300D61E4A /* DetailsModels.swift in Sources */,
				8472262528C86E6A00F46462 /* WatchedListPresenter.swift in Sources */,
				84CF7ED828AF9A8D00297004 /* RegistationPresenter.swift in Sources */,
				844E844428C5BCAF00C7864B /* MovieTrailerWorker.swift in Sources */,
				84CF7EDD28AF9A8D00297004 /* RegistationInteractor.swift in Sources */,
				848FCFAB2893CC4D0056582C /* BackgroundImage.swift in Sources */,
				842FA08C27D0EAD900B206F6 /* SearchCollectionViewcell.swift in Sources */,
				84E6EFF328C8B3D200172590 /* MovieViewModel.swift in Sources */,
				8434F9EE27C8F58200377DE2 /* Poster.swift in Sources */,
				84F2B9CA28CF4D1D006CECD7 /* AppConstants.swift in Sources */,
				846500A828CB2E1000D61E4A /* DetailsOverviewCell.swift in Sources */,
				8465009428CA0CE300D61E4A /* DetailsPresenter.swift in Sources */,
				84F2B9C528CDDC1E006CECD7 /* MoreDetailsTableViewCell.swift in Sources */,
				8465009928CA0CE300D61E4A /* DetailsInteractor.swift in Sources */,
				849C563128B35DAA006DC93D /* HomeRouter.swift in Sources */,
				844E845628C5C90200C7864B /* SearchMovieInteractor.swift in Sources */,
				849C563A28B36B68006DC93D /* APIWoker.swift in Sources */,
				849C562F28B35DAA006DC93D /* HomePresenter.swift in Sources */,
				849C563028B35DAA006DC93D /* HomeWorker.swift in Sources */,
				844E845528C5C90200C7864B /* SearchMovieViewController.swift in Sources */,
				84CF7ECA28AF944A00297004 /* WelcomeRouter.swift in Sources */,
				8424EF6B28AD16C900F30E6C /* ConstantFile.swift in Sources */,
				8434F9FA27CB8D3500377DE2 /* Extensions.swift in Sources */,
				849C563328B35DAA006DC93D /* HomeViewController.swift in Sources */,
				8472262728C86E6A00F46462 /* WatchedListRouter.swift in Sources */,
				844E843028C1E7F400C7864B /* ComingSoonModels.swift in Sources */,
				84CF7EC928AF944A00297004 /* WelcomeWorker.swift in Sources */,
				8465009528CA0CE300D61E4A /* DetailsWorker.swift in Sources */,
				844E844628C5BCAF00C7864B /* MovieTrailerModels.swift in Sources */,
				84CF7EDC28AF9A8D00297004 /* RegistrationViewController.swift in Sources */,
				84CF7ECB28AF944A00297004 /* WelcomeModels.swift in Sources */,
				844E844328C5BCAF00C7864B /* MovieTrailerPresenter.swift in Sources */,
				844E845428C5C90200C7864B /* SearchMovieModels.swift in Sources */,
				8434F9F627CB8CE200377DE2 /* Movie.swift in Sources */,
				84DB254427D36A8A0063685F /* TrailerViewModel.swift in Sources */,
				842FA09027D2275600B206F6 /* YoutubeSearchResponse.swift in Sources */,
				8465009628CA0CE300D61E4A /* DetailsRouter.swift in Sources */,
				8472262A28C86E6A00F46462 /* WatchedListInteractor.swift in Sources */,
				84209C8B27C776C1003CE71D /* MoviesTableViewCell.swift in Sources */,
				844E842E28C1E7F400C7864B /* ComingSoonWorker.swift in Sources */,
				844E844828C5BCAF00C7864B /* MovieTrailerInteractor.swift in Sources */,
				84CF7EDB28AF9A8D00297004 /* RegistationModels.swift in Sources */,
				844E845328C5C90200C7864B /* SearchMovieRouter.swift in Sources */,
				844E844528C5BCAF00C7864B /* MovieTrailerRouter.swift in Sources */,
				846500B828CC63B200D61E4A /* NetworkService.swift in Sources */,
				84E6EFEE28C88F1E00172590 /* RegistrationField.swift in Sources */,
				84B3909A28900FF100B8CC2F /* ProfileViewController.swift in Sources */,
				849C563428B35DAA006DC93D /* HomeInteractor.swift in Sources */,
				844E842D28C1E7F400C7864B /* ComingSoonPresenter.swift in Sources */,
				844E847D28C6118500C7864B /* SearchResultWorker.swift in Sources */,
				846500A528CB1AF800D61E4A /* DetailsCell.swift in Sources */,
				84209C7627C775AB003CE71D /* AppDelegate.swift in Sources */,
				844E845128C5C90200C7864B /* SearchMoviePresenter.swift in Sources */,
				8465008B28CA066700D61E4A /* AlerTitle.swift in Sources */,
				8434FA0427CF86BE00377DE2 /* MovieCell.swift in Sources */,
				84CF7ECD28AF944A00297004 /* WelcomeInteractor.swift in Sources */,
				84209C7827C775AC003CE71D /* SceneDelegate.swift in Sources */,
				844E845228C5C90200C7864B /* SearchMovieWorker.swift in Sources */,
				848FCFB228952A690056582C /* User.swift in Sources */,
			);
			runOnlyForDeploymentPostprocessing = 0;
		};
/* End PBXSourcesBuildPhase section */

/* Begin PBXVariantGroup section */
		84209C7B27C775AC003CE71D /* Main.storyboard */ = {
			isa = PBXVariantGroup;
			children = (
				84209C7C27C775AC003CE71D /* Base */,
			);
			name = Main.storyboard;
			sourceTree = "<group>";
		};
		84209C8027C775B8003CE71D /* LaunchScreen.storyboard */ = {
			isa = PBXVariantGroup;
			children = (
				84209C8127C775B8003CE71D /* Base */,
			);
			name = LaunchScreen.storyboard;
			sourceTree = "<group>";
		};
/* End PBXVariantGroup section */

/* Begin XCBuildConfiguration section */
		84209C8427C775B8003CE71D /* Debug */ = {
			isa = XCBuildConfiguration;
			buildSettings = {
				ALWAYS_SEARCH_USER_PATHS = NO;
				CLANG_ANALYZER_NONNULL = YES;
				CLANG_ANALYZER_NUMBER_OBJECT_CONVERSION = YES_AGGRESSIVE;
				CLANG_CXX_LANGUAGE_STANDARD = "gnu++14";
				CLANG_CXX_LIBRARY = "libc++";
				CLANG_ENABLE_MODULES = YES;
				CLANG_ENABLE_OBJC_ARC = YES;
				CLANG_ENABLE_OBJC_WEAK = YES;
				CLANG_WARN_BLOCK_CAPTURE_AUTORELEASING = YES;
				CLANG_WARN_BOOL_CONVERSION = YES;
				CLANG_WARN_COMMA = YES;
				CLANG_WARN_CONSTANT_CONVERSION = YES;
				CLANG_WARN_DEPRECATED_OBJC_IMPLEMENTATIONS = YES;
				CLANG_WARN_DIRECT_OBJC_ISA_USAGE = YES_ERROR;
				CLANG_WARN_DOCUMENTATION_COMMENTS = YES;
				CLANG_WARN_EMPTY_BODY = YES;
				CLANG_WARN_ENUM_CONVERSION = YES;
				CLANG_WARN_INFINITE_RECURSION = YES;
				CLANG_WARN_INT_CONVERSION = YES;
				CLANG_WARN_NON_LITERAL_NULL_CONVERSION = YES;
				CLANG_WARN_OBJC_IMPLICIT_RETAIN_SELF = YES;
				CLANG_WARN_OBJC_LITERAL_CONVERSION = YES;
				CLANG_WARN_OBJC_ROOT_CLASS = YES_ERROR;
				CLANG_WARN_QUOTED_INCLUDE_IN_FRAMEWORK_HEADER = YES;
				CLANG_WARN_RANGE_LOOP_ANALYSIS = YES;
				CLANG_WARN_STRICT_PROTOTYPES = YES;
				CLANG_WARN_SUSPICIOUS_MOVE = YES;
				CLANG_WARN_UNGUARDED_AVAILABILITY = YES_AGGRESSIVE;
				CLANG_WARN_UNREACHABLE_CODE = YES;
				CLANG_WARN__DUPLICATE_METHOD_MATCH = YES;
				COPY_PHASE_STRIP = NO;
				DEBUG_INFORMATION_FORMAT = dwarf;
				ENABLE_STRICT_OBJC_MSGSEND = YES;
				ENABLE_TESTABILITY = YES;
				GCC_C_LANGUAGE_STANDARD = gnu11;
				GCC_DYNAMIC_NO_PIC = NO;
				GCC_NO_COMMON_BLOCKS = YES;
				GCC_OPTIMIZATION_LEVEL = 0;
				GCC_PREPROCESSOR_DEFINITIONS = (
					"DEBUG=1",
					"$(inherited)",
				);
				GCC_WARN_64_TO_32_BIT_CONVERSION = YES;
				GCC_WARN_ABOUT_RETURN_TYPE = YES_ERROR;
				GCC_WARN_UNDECLARED_SELECTOR = YES;
				GCC_WARN_UNINITIALIZED_AUTOS = YES_AGGRESSIVE;
				GCC_WARN_UNUSED_FUNCTION = YES;
				GCC_WARN_UNUSED_VARIABLE = YES;
				IPHONEOS_DEPLOYMENT_TARGET = 14.4;
				MTL_ENABLE_DEBUG_INFO = INCLUDE_SOURCE;
				MTL_FAST_MATH = YES;
				ONLY_ACTIVE_ARCH = YES;
				SDKROOT = iphoneos;
				SWIFT_ACTIVE_COMPILATION_CONDITIONS = DEBUG;
				SWIFT_OPTIMIZATION_LEVEL = "-Onone";
			};
			name = Debug;
		};
		84209C8527C775B8003CE71D /* Release */ = {
			isa = XCBuildConfiguration;
			buildSettings = {
				ALWAYS_SEARCH_USER_PATHS = NO;
				CLANG_ANALYZER_NONNULL = YES;
				CLANG_ANALYZER_NUMBER_OBJECT_CONVERSION = YES_AGGRESSIVE;
				CLANG_CXX_LANGUAGE_STANDARD = "gnu++14";
				CLANG_CXX_LIBRARY = "libc++";
				CLANG_ENABLE_MODULES = YES;
				CLANG_ENABLE_OBJC_ARC = YES;
				CLANG_ENABLE_OBJC_WEAK = YES;
				CLANG_WARN_BLOCK_CAPTURE_AUTORELEASING = YES;
				CLANG_WARN_BOOL_CONVERSION = YES;
				CLANG_WARN_COMMA = YES;
				CLANG_WARN_CONSTANT_CONVERSION = YES;
				CLANG_WARN_DEPRECATED_OBJC_IMPLEMENTATIONS = YES;
				CLANG_WARN_DIRECT_OBJC_ISA_USAGE = YES_ERROR;
				CLANG_WARN_DOCUMENTATION_COMMENTS = YES;
				CLANG_WARN_EMPTY_BODY = YES;
				CLANG_WARN_ENUM_CONVERSION = YES;
				CLANG_WARN_INFINITE_RECURSION = YES;
				CLANG_WARN_INT_CONVERSION = YES;
				CLANG_WARN_NON_LITERAL_NULL_CONVERSION = YES;
				CLANG_WARN_OBJC_IMPLICIT_RETAIN_SELF = YES;
				CLANG_WARN_OBJC_LITERAL_CONVERSION = YES;
				CLANG_WARN_OBJC_ROOT_CLASS = YES_ERROR;
				CLANG_WARN_QUOTED_INCLUDE_IN_FRAMEWORK_HEADER = YES;
				CLANG_WARN_RANGE_LOOP_ANALYSIS = YES;
				CLANG_WARN_STRICT_PROTOTYPES = YES;
				CLANG_WARN_SUSPICIOUS_MOVE = YES;
				CLANG_WARN_UNGUARDED_AVAILABILITY = YES_AGGRESSIVE;
				CLANG_WARN_UNREACHABLE_CODE = YES;
				CLANG_WARN__DUPLICATE_METHOD_MATCH = YES;
				COPY_PHASE_STRIP = NO;
				DEBUG_INFORMATION_FORMAT = "dwarf-with-dsym";
				ENABLE_NS_ASSERTIONS = NO;
				ENABLE_STRICT_OBJC_MSGSEND = YES;
				GCC_C_LANGUAGE_STANDARD = gnu11;
				GCC_NO_COMMON_BLOCKS = YES;
				GCC_WARN_64_TO_32_BIT_CONVERSION = YES;
				GCC_WARN_ABOUT_RETURN_TYPE = YES_ERROR;
				GCC_WARN_UNDECLARED_SELECTOR = YES;
				GCC_WARN_UNINITIALIZED_AUTOS = YES_AGGRESSIVE;
				GCC_WARN_UNUSED_FUNCTION = YES;
				GCC_WARN_UNUSED_VARIABLE = YES;
				IPHONEOS_DEPLOYMENT_TARGET = 14.4;
				MTL_ENABLE_DEBUG_INFO = NO;
				MTL_FAST_MATH = YES;
				SDKROOT = iphoneos;
				SWIFT_COMPILATION_MODE = wholemodule;
				SWIFT_OPTIMIZATION_LEVEL = "-O";
				VALIDATE_PRODUCT = YES;
			};
			name = Release;
		};
		84209C8727C775B8003CE71D /* Debug */ = {
			isa = XCBuildConfiguration;
			buildSettings = {
				ASSETCATALOG_COMPILER_APPICON_NAME = AppIcon;
				ASSETCATALOG_COMPILER_GLOBAL_ACCENT_COLOR_NAME = AccentColor;
				CODE_SIGN_STYLE = Automatic;
				INFOPLIST_FILE = Netflix/Info.plist;
				LD_RUNPATH_SEARCH_PATHS = (
					"$(inherited)",
					"@executable_path/Frameworks",
				);
				PRODUCT_BUNDLE_IDENTIFIER = "Mirian-maglakelidze.Netflix";
				PRODUCT_NAME = "$(TARGET_NAME)";
				SWIFT_VERSION = 5.0;
				TARGETED_DEVICE_FAMILY = "1,2";
			};
			name = Debug;
		};
		84209C8827C775B8003CE71D /* Release */ = {
			isa = XCBuildConfiguration;
			buildSettings = {
				ASSETCATALOG_COMPILER_APPICON_NAME = AppIcon;
				ASSETCATALOG_COMPILER_GLOBAL_ACCENT_COLOR_NAME = AccentColor;
				CODE_SIGN_STYLE = Automatic;
				INFOPLIST_FILE = Netflix/Info.plist;
				LD_RUNPATH_SEARCH_PATHS = (
					"$(inherited)",
					"@executable_path/Frameworks",
				);
				PRODUCT_BUNDLE_IDENTIFIER = "Mirian-maglakelidze.Netflix";
				PRODUCT_NAME = "$(TARGET_NAME)";
				SWIFT_VERSION = 5.0;
				TARGETED_DEVICE_FAMILY = "1,2";
			};
			name = Release;
		};
/* End XCBuildConfiguration section */

/* Begin XCConfigurationList section */
		84209C6D27C775AB003CE71D /* Build configuration list for PBXProject "Netflix" */ = {
			isa = XCConfigurationList;
			buildConfigurations = (
				84209C8427C775B8003CE71D /* Debug */,
				84209C8527C775B8003CE71D /* Release */,
			);
			defaultConfigurationIsVisible = 0;
			defaultConfigurationName = Release;
		};
		84209C8627C775B8003CE71D /* Build configuration list for PBXNativeTarget "Netflix" */ = {
			isa = XCConfigurationList;
			buildConfigurations = (
				84209C8727C775B8003CE71D /* Debug */,
				84209C8827C775B8003CE71D /* Release */,
			);
			defaultConfigurationIsVisible = 0;
			defaultConfigurationName = Release;
		};
/* End XCConfigurationList section */

/* Begin XCRemoteSwiftPackageReference section */
		8424EF5B28ABDF0B00F30E6C /* XCRemoteSwiftPackageReference "firebase-ios-sdk" */ = {
			isa = XCRemoteSwiftPackageReference;
			repositoryURL = "https://github.com/firebase/firebase-ios-sdk";
			requirement = {
				kind = upToNextMajorVersion;
				minimumVersion = 8.0.0;
			};
		};
/* End XCRemoteSwiftPackageReference section */

/* Begin XCSwiftPackageProductDependency section */
		8424EF5C28ABDF0B00F30E6C /* FirebaseAuth */ = {
			isa = XCSwiftPackageProductDependency;
			package = 8424EF5B28ABDF0B00F30E6C /* XCRemoteSwiftPackageReference "firebase-ios-sdk" */;
			productName = FirebaseAuth;
		};
		8424EF5E28ABDF0B00F30E6C /* FirebaseDatabase */ = {
			isa = XCSwiftPackageProductDependency;
			package = 8424EF5B28ABDF0B00F30E6C /* XCRemoteSwiftPackageReference "firebase-ios-sdk" */;
			productName = FirebaseDatabase;
		};
		8424EF6628ACCD7300F30E6C /* FirebaseFirestore */ = {
			isa = XCSwiftPackageProductDependency;
			package = 8424EF5B28ABDF0B00F30E6C /* XCRemoteSwiftPackageReference "firebase-ios-sdk" */;
			productName = FirebaseFirestore;
		};
/* End XCSwiftPackageProductDependency section */
	};
	rootObject = 84209C6A27C775AB003CE71D /* Project object */;
}
