// !$*UTF8*$!
{
	archiveVersion = 1;
	classes = {
	};
	objectVersion = 52;
	objects = {

/* Begin PBXBuildFile section */
		84209C7627C775AB003CE71D /* AppDelegate.swift in Sources */ = {isa = PBXBuildFile; fileRef = 84209C7527C775AB003CE71D /* AppDelegate.swift */; };
		84209C7827C775AC003CE71D /* SceneDelegate.swift in Sources */ = {isa = PBXBuildFile; fileRef = 84209C7727C775AC003CE71D /* SceneDelegate.swift */; };
		84209C7A27C775AC003CE71D /* HomeViewController1.swift in Sources */ = {isa = PBXBuildFile; fileRef = 84209C7927C775AC003CE71D /* HomeViewController1.swift */; };
		84209C7D27C775AC003CE71D /* Main.storyboard in Resources */ = {isa = PBXBuildFile; fileRef = 84209C7B27C775AC003CE71D /* Main.storyboard */; };
		84209C7F27C775B8003CE71D /* Assets.xcassets in Resources */ = {isa = PBXBuildFile; fileRef = 84209C7E27C775B8003CE71D /* Assets.xcassets */; };
		84209C8227C775B8003CE71D /* LaunchScreen.storyboard in Resources */ = {isa = PBXBuildFile; fileRef = 84209C8027C775B8003CE71D /* LaunchScreen.storyboard */; };
		84209C8B27C776C1003CE71D /* MoviesTableViewCell.swift in Sources */ = {isa = PBXBuildFile; fileRef = 84209C8A27C776C1003CE71D /* MoviesTableViewCell.swift */; };
		84209C8E27C77A7F003CE71D /* MovieCollectionViewCell.swift in Sources */ = {isa = PBXBuildFile; fileRef = 84209C8D27C77A7F003CE71D /* MovieCollectionViewCell.swift */; };
		84209C9227C7B475003CE71D /* SearchViewControler.swift in Sources */ = {isa = PBXBuildFile; fileRef = 84209C9127C7B475003CE71D /* SearchViewControler.swift */; };
		84209C9527C7B488003CE71D /* ComingSoonViewContorller.swift in Sources */ = {isa = PBXBuildFile; fileRef = 84209C9427C7B488003CE71D /* ComingSoonViewContorller.swift */; };
		84209C9827C7B498003CE71D /* WatchedListViewController.swift in Sources */ = {isa = PBXBuildFile; fileRef = 84209C9727C7B498003CE71D /* WatchedListViewController.swift */; };
		8424EF4428ABD91800F30E6C /* GoogleService-Info.plist in Resources */ = {isa = PBXBuildFile; fileRef = 8424EF4328ABD91800F30E6C /* GoogleService-Info.plist */; };
		8424EF5D28ABDF0B00F30E6C /* FirebaseAuth in Frameworks */ = {isa = PBXBuildFile; productRef = 8424EF5C28ABDF0B00F30E6C /* FirebaseAuth */; };
		8424EF5F28ABDF0B00F30E6C /* FirebaseDatabase in Frameworks */ = {isa = PBXBuildFile; productRef = 8424EF5E28ABDF0B00F30E6C /* FirebaseDatabase */; };
		8424EF6728ACCD7300F30E6C /* FirebaseFirestore in Frameworks */ = {isa = PBXBuildFile; productRef = 8424EF6628ACCD7300F30E6C /* FirebaseFirestore */; };
		8424EF6B28AD16C900F30E6C /* ConstantFile.swift in Sources */ = {isa = PBXBuildFile; fileRef = 8424EF6A28AD16C900F30E6C /* ConstantFile.swift */; };
		842FA08927D0E07200B206F6 /* SearchResultViewController.swift in Sources */ = {isa = PBXBuildFile; fileRef = 842FA08827D0E07200B206F6 /* SearchResultViewController.swift */; };
		842FA08C27D0EAD900B206F6 /* SearchCollectionViewcell.swift in Sources */ = {isa = PBXBuildFile; fileRef = 842FA08B27D0EAD900B206F6 /* SearchCollectionViewcell.swift */; };
		842FA09027D2275600B206F6 /* YoutubeSearchResponse.swift in Sources */ = {isa = PBXBuildFile; fileRef = 842FA08F27D2275600B206F6 /* YoutubeSearchResponse.swift */; };
		842FA09627D2405700B206F6 /* TrailerVideoViewController.swift in Sources */ = {isa = PBXBuildFile; fileRef = 842FA09527D2405700B206F6 /* TrailerVideoViewController.swift */; };
		8434F9EE27C8F58200377DE2 /* Poster.swift in Sources */ = {isa = PBXBuildFile; fileRef = 8434F9ED27C8F58200377DE2 /* Poster.swift */; };
		8434F9F227CA4ADA00377DE2 /* APIColler.swift in Sources */ = {isa = PBXBuildFile; fileRef = 8434F9F127CA4ADA00377DE2 /* APIColler.swift */; };
		8434F9F627CB8CE200377DE2 /* Movie.swift in Sources */ = {isa = PBXBuildFile; fileRef = 8434F9F527CB8CE200377DE2 /* Movie.swift */; };
		8434F9FA27CB8D3500377DE2 /* Extensions.swift in Sources */ = {isa = PBXBuildFile; fileRef = 8434F9F927CB8D3500377DE2 /* Extensions.swift */; };
		8434FA0427CF86BE00377DE2 /* MoviesCell.swift in Sources */ = {isa = PBXBuildFile; fileRef = 8434FA0327CF86BC00377DE2 /* MoviesCell.swift */; };
		8434FA0727CF920500377DE2 /* TitleViewModel.swift in Sources */ = {isa = PBXBuildFile; fileRef = 8434FA0627CF920400377DE2 /* TitleViewModel.swift */; };
		84634F5928A175900050DB63 /* UserManager.swift in Sources */ = {isa = PBXBuildFile; fileRef = 84634F5828A175900050DB63 /* UserManager.swift */; };
		84634F8228A3B88F0050DB63 /* ConfirmedViewController.swift in Sources */ = {isa = PBXBuildFile; fileRef = 84634F8128A3B88F0050DB63 /* ConfirmedViewController.swift */; };
		848FCFAB2893CC4D0056582C /* BackgroundImage.swift in Sources */ = {isa = PBXBuildFile; fileRef = 848FCFAA2893CC4C0056582C /* BackgroundImage.swift */; };
		848FCFB228952A690056582C /* User.swift in Sources */ = {isa = PBXBuildFile; fileRef = 848FCFB128952A680056582C /* User.swift */; };
		848FCFB528952CF50056582C /* RegistrationViewController1.swift in Sources */ = {isa = PBXBuildFile; fileRef = 848FCFB428952CF50056582C /* RegistrationViewController1.swift */; };
		848FCFC028954DF00056582C /* RegistrationView.swift in Sources */ = {isa = PBXBuildFile; fileRef = 848FCFBF28954DEF0056582C /* RegistrationView.swift */; };
		849C562F28B35DAA006DC93D /* HomePresenter.swift in Sources */ = {isa = PBXBuildFile; fileRef = 849C562928B35DAA006DC93D /* HomePresenter.swift */; };
		849C563028B35DAA006DC93D /* HomeWorker.swift in Sources */ = {isa = PBXBuildFile; fileRef = 849C562A28B35DAA006DC93D /* HomeWorker.swift */; };
		849C563128B35DAA006DC93D /* HomeRouter.swift in Sources */ = {isa = PBXBuildFile; fileRef = 849C562B28B35DAA006DC93D /* HomeRouter.swift */; };
		849C563228B35DAA006DC93D /* HomeModels.swift in Sources */ = {isa = PBXBuildFile; fileRef = 849C562C28B35DAA006DC93D /* HomeModels.swift */; };
		849C563328B35DAA006DC93D /* HomeViewController.swift in Sources */ = {isa = PBXBuildFile; fileRef = 849C562D28B35DAA006DC93D /* HomeViewController.swift */; };
		849C563428B35DAA006DC93D /* HomeInteractor.swift in Sources */ = {isa = PBXBuildFile; fileRef = 849C562E28B35DAA006DC93D /* HomeInteractor.swift */; };
		849C563A28B36B68006DC93D /* MoviesWoker.swift in Sources */ = {isa = PBXBuildFile; fileRef = 849C563928B36B68006DC93D /* MoviesWoker.swift */; };
		84B3909A28900FF100B8CC2F /* ProfileViewController.swift in Sources */ = {isa = PBXBuildFile; fileRef = 84B3909928900FF100B8CC2F /* ProfileViewController.swift */; };
		84CF7EC828AF944A00297004 /* WelcomePresenter.swift in Sources */ = {isa = PBXBuildFile; fileRef = 84CF7EC228AF944A00297004 /* WelcomePresenter.swift */; };
		84CF7EC928AF944A00297004 /* WelcomeWorker.swift in Sources */ = {isa = PBXBuildFile; fileRef = 84CF7EC328AF944A00297004 /* WelcomeWorker.swift */; };
		84CF7ECA28AF944A00297004 /* WelcomeRouter.swift in Sources */ = {isa = PBXBuildFile; fileRef = 84CF7EC428AF944A00297004 /* WelcomeRouter.swift */; };
		84CF7ECB28AF944A00297004 /* WelcomeModels.swift in Sources */ = {isa = PBXBuildFile; fileRef = 84CF7EC528AF944A00297004 /* WelcomeModels.swift */; };
		84CF7ECC28AF944A00297004 /* WelcomeViewController.swift in Sources */ = {isa = PBXBuildFile; fileRef = 84CF7EC628AF944A00297004 /* WelcomeViewController.swift */; };
		84CF7ECD28AF944A00297004 /* WelcomeInteractor.swift in Sources */ = {isa = PBXBuildFile; fileRef = 84CF7EC728AF944A00297004 /* WelcomeInteractor.swift */; };
		84CF7ED828AF9A8D00297004 /* RegistationPresenter.swift in Sources */ = {isa = PBXBuildFile; fileRef = 84CF7ED228AF9A8D00297004 /* RegistationPresenter.swift */; };
		84CF7ED928AF9A8D00297004 /* RegistationWorker.swift in Sources */ = {isa = PBXBuildFile; fileRef = 84CF7ED328AF9A8D00297004 /* RegistationWorker.swift */; };
		84CF7EDA28AF9A8D00297004 /* RegistationRouter.swift in Sources */ = {isa = PBXBuildFile; fileRef = 84CF7ED428AF9A8D00297004 /* RegistationRouter.swift */; };
		84CF7EDB28AF9A8D00297004 /* RegistationModels.swift in Sources */ = {isa = PBXBuildFile; fileRef = 84CF7ED528AF9A8D00297004 /* RegistationModels.swift */; };
		84CF7EDC28AF9A8D00297004 /* RegistrationViewController.swift in Sources */ = {isa = PBXBuildFile; fileRef = 84CF7ED628AF9A8D00297004 /* RegistrationViewController.swift */; };
		84CF7EDD28AF9A8D00297004 /* RegistationInteractor.swift in Sources */ = {isa = PBXBuildFile; fileRef = 84CF7ED728AF9A8D00297004 /* RegistationInteractor.swift */; };
		84D48AA528BD1C8C006C7566 /* MoviesCollectionPresenter.swift in Sources */ = {isa = PBXBuildFile; fileRef = 84D48A9F28BD1C8C006C7566 /* MoviesCollectionPresenter.swift */; };
		84D48AA628BD1C8C006C7566 /* MoviesCollectionWorker.swift in Sources */ = {isa = PBXBuildFile; fileRef = 84D48AA028BD1C8C006C7566 /* MoviesCollectionWorker.swift */; };
		84D48AA728BD1C8C006C7566 /* MoviesCollectionRouter.swift in Sources */ = {isa = PBXBuildFile; fileRef = 84D48AA128BD1C8C006C7566 /* MoviesCollectionRouter.swift */; };
		84D48AA828BD1C8C006C7566 /* MoviesCollectionModels.swift in Sources */ = {isa = PBXBuildFile; fileRef = 84D48AA228BD1C8C006C7566 /* MoviesCollectionModels.swift */; };
		84D48AA928BD1C8C006C7566 /* MoviesCollectionViewController.swift in Sources */ = {isa = PBXBuildFile; fileRef = 84D48AA328BD1C8C006C7566 /* MoviesCollectionViewController.swift */; };
		84D48AAA28BD1C8C006C7566 /* MoviesCollectionInteractor.swift in Sources */ = {isa = PBXBuildFile; fileRef = 84D48AA428BD1C8C006C7566 /* MoviesCollectionInteractor.swift */; };
		84DB254427D36A8A0063685F /* TrailerViewModel.swift in Sources */ = {isa = PBXBuildFile; fileRef = 84DB254327D36A8A0063685F /* TrailerViewModel.swift */; };
		84DB254A27D393F50063685F /* TvShow.swift in Sources */ = {isa = PBXBuildFile; fileRef = 84DB254927D393F50063685F /* TvShow.swift */; };
/* End PBXBuildFile section */

/* Begin PBXFileReference section */
		84209C7227C775AB003CE71D /* Netflix.app */ = {isa = PBXFileReference; explicitFileType = wrapper.application; includeInIndex = 0; path = Netflix.app; sourceTree = BUILT_PRODUCTS_DIR; };
		84209C7527C775AB003CE71D /* AppDelegate.swift */ = {isa = PBXFileReference; lastKnownFileType = sourcecode.swift; path = AppDelegate.swift; sourceTree = "<group>"; };
		84209C7727C775AC003CE71D /* SceneDelegate.swift */ = {isa = PBXFileReference; lastKnownFileType = sourcecode.swift; path = SceneDelegate.swift; sourceTree = "<group>"; };
		84209C7927C775AC003CE71D /* HomeViewController1.swift */ = {isa = PBXFileReference; lastKnownFileType = sourcecode.swift; path = HomeViewController1.swift; sourceTree = "<group>"; };
		84209C7C27C775AC003CE71D /* Base */ = {isa = PBXFileReference; lastKnownFileType = file.storyboard; name = Base; path = Base.lproj/Main.storyboard; sourceTree = "<group>"; };
		84209C7E27C775B8003CE71D /* Assets.xcassets */ = {isa = PBXFileReference; lastKnownFileType = folder.assetcatalog; path = Assets.xcassets; sourceTree = "<group>"; };
		84209C8127C775B8003CE71D /* Base */ = {isa = PBXFileReference; lastKnownFileType = file.storyboard; name = Base; path = Base.lproj/LaunchScreen.storyboard; sourceTree = "<group>"; };
		84209C8327C775B8003CE71D /* Info.plist */ = {isa = PBXFileReference; lastKnownFileType = text.plist.xml; path = Info.plist; sourceTree = "<group>"; };
		84209C8A27C776C1003CE71D /* MoviesTableViewCell.swift */ = {isa = PBXFileReference; lastKnownFileType = sourcecode.swift; path = MoviesTableViewCell.swift; sourceTree = "<group>"; };
		84209C8D27C77A7F003CE71D /* MovieCollectionViewCell.swift */ = {isa = PBXFileReference; lastKnownFileType = sourcecode.swift; path = MovieCollectionViewCell.swift; sourceTree = "<group>"; };
		84209C9127C7B475003CE71D /* SearchViewControler.swift */ = {isa = PBXFileReference; lastKnownFileType = sourcecode.swift; path = SearchViewControler.swift; sourceTree = "<group>"; };
		84209C9427C7B488003CE71D /* ComingSoonViewContorller.swift */ = {isa = PBXFileReference; lastKnownFileType = sourcecode.swift; path = ComingSoonViewContorller.swift; sourceTree = "<group>"; };
		84209C9727C7B498003CE71D /* WatchedListViewController.swift */ = {isa = PBXFileReference; lastKnownFileType = sourcecode.swift; path = WatchedListViewController.swift; sourceTree = "<group>"; };
		8424EF4328ABD91800F30E6C /* GoogleService-Info.plist */ = {isa = PBXFileReference; fileEncoding = 4; lastKnownFileType = text.plist.xml; path = "GoogleService-Info.plist"; sourceTree = "<group>"; };
		8424EF6A28AD16C900F30E6C /* ConstantFile.swift */ = {isa = PBXFileReference; lastKnownFileType = sourcecode.swift; path = ConstantFile.swift; sourceTree = "<group>"; };
		842FA08827D0E07200B206F6 /* SearchResultViewController.swift */ = {isa = PBXFileReference; lastKnownFileType = sourcecode.swift; path = SearchResultViewController.swift; sourceTree = "<group>"; };
		842FA08B27D0EAD900B206F6 /* SearchCollectionViewcell.swift */ = {isa = PBXFileReference; lastKnownFileType = sourcecode.swift; path = SearchCollectionViewcell.swift; sourceTree = "<group>"; };
		842FA08F27D2275600B206F6 /* YoutubeSearchResponse.swift */ = {isa = PBXFileReference; lastKnownFileType = sourcecode.swift; path = YoutubeSearchResponse.swift; sourceTree = "<group>"; };
		842FA09527D2405700B206F6 /* TrailerVideoViewController.swift */ = {isa = PBXFileReference; lastKnownFileType = sourcecode.swift; path = TrailerVideoViewController.swift; sourceTree = "<group>"; };
		8434F9ED27C8F58200377DE2 /* Poster.swift */ = {isa = PBXFileReference; lastKnownFileType = sourcecode.swift; path = Poster.swift; sourceTree = "<group>"; };
		8434F9F127CA4ADA00377DE2 /* APIColler.swift */ = {isa = PBXFileReference; lastKnownFileType = sourcecode.swift; path = APIColler.swift; sourceTree = "<group>"; };
		8434F9F527CB8CE200377DE2 /* Movie.swift */ = {isa = PBXFileReference; lastKnownFileType = sourcecode.swift; path = Movie.swift; sourceTree = "<group>"; };
		8434F9F927CB8D3500377DE2 /* Extensions.swift */ = {isa = PBXFileReference; lastKnownFileType = sourcecode.swift; path = Extensions.swift; sourceTree = "<group>"; };
		8434FA0327CF86BC00377DE2 /* MoviesCell.swift */ = {isa = PBXFileReference; lastKnownFileType = sourcecode.swift; path = MoviesCell.swift; sourceTree = "<group>"; };
		8434FA0627CF920400377DE2 /* TitleViewModel.swift */ = {isa = PBXFileReference; lastKnownFileType = sourcecode.swift; path = TitleViewModel.swift; sourceTree = "<group>"; };
		84634F5828A175900050DB63 /* UserManager.swift */ = {isa = PBXFileReference; lastKnownFileType = sourcecode.swift; path = UserManager.swift; sourceTree = "<group>"; };
		84634F8128A3B88F0050DB63 /* ConfirmedViewController.swift */ = {isa = PBXFileReference; lastKnownFileType = sourcecode.swift; path = ConfirmedViewController.swift; sourceTree = "<group>"; };
		848FCFAA2893CC4C0056582C /* BackgroundImage.swift */ = {isa = PBXFileReference; lastKnownFileType = sourcecode.swift; path = BackgroundImage.swift; sourceTree = "<group>"; };
		848FCFB128952A680056582C /* User.swift */ = {isa = PBXFileReference; lastKnownFileType = sourcecode.swift; path = User.swift; sourceTree = "<group>"; };
		848FCFB428952CF50056582C /* RegistrationViewController1.swift */ = {isa = PBXFileReference; lastKnownFileType = sourcecode.swift; path = RegistrationViewController1.swift; sourceTree = "<group>"; };
		848FCFBF28954DEF0056582C /* RegistrationView.swift */ = {isa = PBXFileReference; lastKnownFileType = sourcecode.swift; path = RegistrationView.swift; sourceTree = "<group>"; };
		849C562928B35DAA006DC93D /* HomePresenter.swift */ = {isa = PBXFileReference; lastKnownFileType = sourcecode.swift; path = HomePresenter.swift; sourceTree = "<group>"; };
		849C562A28B35DAA006DC93D /* HomeWorker.swift */ = {isa = PBXFileReference; lastKnownFileType = sourcecode.swift; path = HomeWorker.swift; sourceTree = "<group>"; };
		849C562B28B35DAA006DC93D /* HomeRouter.swift */ = {isa = PBXFileReference; lastKnownFileType = sourcecode.swift; path = HomeRouter.swift; sourceTree = "<group>"; };
		849C562C28B35DAA006DC93D /* HomeModels.swift */ = {isa = PBXFileReference; lastKnownFileType = sourcecode.swift; path = HomeModels.swift; sourceTree = "<group>"; };
		849C562D28B35DAA006DC93D /* HomeViewController.swift */ = {isa = PBXFileReference; lastKnownFileType = sourcecode.swift; path = HomeViewController.swift; sourceTree = "<group>"; };
		849C562E28B35DAA006DC93D /* HomeInteractor.swift */ = {isa = PBXFileReference; lastKnownFileType = sourcecode.swift; path = HomeInteractor.swift; sourceTree = "<group>"; };
		849C563928B36B68006DC93D /* MoviesWoker.swift */ = {isa = PBXFileReference; lastKnownFileType = sourcecode.swift; path = MoviesWoker.swift; sourceTree = "<group>"; };
		84B3909928900FF100B8CC2F /* ProfileViewController.swift */ = {isa = PBXFileReference; lastKnownFileType = sourcecode.swift; path = ProfileViewController.swift; sourceTree = "<group>"; };
		84CF7EC228AF944A00297004 /* WelcomePresenter.swift */ = {isa = PBXFileReference; lastKnownFileType = sourcecode.swift; path = WelcomePresenter.swift; sourceTree = "<group>"; };
		84CF7EC328AF944A00297004 /* WelcomeWorker.swift */ = {isa = PBXFileReference; lastKnownFileType = sourcecode.swift; path = WelcomeWorker.swift; sourceTree = "<group>"; };
		84CF7EC428AF944A00297004 /* WelcomeRouter.swift */ = {isa = PBXFileReference; lastKnownFileType = sourcecode.swift; path = WelcomeRouter.swift; sourceTree = "<group>"; };
		84CF7EC528AF944A00297004 /* WelcomeModels.swift */ = {isa = PBXFileReference; lastKnownFileType = sourcecode.swift; path = WelcomeModels.swift; sourceTree = "<group>"; };
		84CF7EC628AF944A00297004 /* WelcomeViewController.swift */ = {isa = PBXFileReference; lastKnownFileType = sourcecode.swift; path = WelcomeViewController.swift; sourceTree = "<group>"; };
		84CF7EC728AF944A00297004 /* WelcomeInteractor.swift */ = {isa = PBXFileReference; lastKnownFileType = sourcecode.swift; path = WelcomeInteractor.swift; sourceTree = "<group>"; };
		84CF7ED228AF9A8D00297004 /* RegistationPresenter.swift */ = {isa = PBXFileReference; lastKnownFileType = sourcecode.swift; path = RegistationPresenter.swift; sourceTree = "<group>"; };
		84CF7ED328AF9A8D00297004 /* RegistationWorker.swift */ = {isa = PBXFileReference; lastKnownFileType = sourcecode.swift; path = RegistationWorker.swift; sourceTree = "<group>"; };
		84CF7ED428AF9A8D00297004 /* RegistationRouter.swift */ = {isa = PBXFileReference; lastKnownFileType = sourcecode.swift; path = RegistationRouter.swift; sourceTree = "<group>"; };
		84CF7ED528AF9A8D00297004 /* RegistationModels.swift */ = {isa = PBXFileReference; lastKnownFileType = sourcecode.swift; path = RegistationModels.swift; sourceTree = "<group>"; };
		84CF7ED628AF9A8D00297004 /* RegistrationViewController.swift */ = {isa = PBXFileReference; lastKnownFileType = sourcecode.swift; path = RegistrationViewController.swift; sourceTree = "<group>"; };
		84CF7ED728AF9A8D00297004 /* RegistationInteractor.swift */ = {isa = PBXFileReference; lastKnownFileType = sourcecode.swift; path = RegistationInteractor.swift; sourceTree = "<group>"; };
		84D48A9F28BD1C8C006C7566 /* MoviesCollectionPresenter.swift */ = {isa = PBXFileReference; lastKnownFileType = sourcecode.swift; path = MoviesCollectionPresenter.swift; sourceTree = "<group>"; };
		84D48AA028BD1C8C006C7566 /* MoviesCollectionWorker.swift */ = {isa = PBXFileReference; lastKnownFileType = sourcecode.swift; path = MoviesCollectionWorker.swift; sourceTree = "<group>"; };
		84D48AA128BD1C8C006C7566 /* MoviesCollectionRouter.swift */ = {isa = PBXFileReference; lastKnownFileType = sourcecode.swift; path = MoviesCollectionRouter.swift; sourceTree = "<group>"; };
		84D48AA228BD1C8C006C7566 /* MoviesCollectionModels.swift */ = {isa = PBXFileReference; lastKnownFileType = sourcecode.swift; path = MoviesCollectionModels.swift; sourceTree = "<group>"; };
		84D48AA328BD1C8C006C7566 /* MoviesCollectionViewController.swift */ = {isa = PBXFileReference; lastKnownFileType = sourcecode.swift; path = MoviesCollectionViewController.swift; sourceTree = "<group>"; };
		84D48AA428BD1C8C006C7566 /* MoviesCollectionInteractor.swift */ = {isa = PBXFileReference; lastKnownFileType = sourcecode.swift; path = MoviesCollectionInteractor.swift; sourceTree = "<group>"; };
		84DB254327D36A8A0063685F /* TrailerViewModel.swift */ = {isa = PBXFileReference; lastKnownFileType = sourcecode.swift; path = TrailerViewModel.swift; sourceTree = "<group>"; };
		84DB254927D393F50063685F /* TvShow.swift */ = {isa = PBXFileReference; lastKnownFileType = sourcecode.swift; path = TvShow.swift; sourceTree = "<group>"; };
/* End PBXFileReference section */

/* Begin PBXFrameworksBuildPhase section */
		84209C6F27C775AB003CE71D /* Frameworks */ = {
			isa = PBXFrameworksBuildPhase;
			buildActionMask = 2147483647;
			files = (
				8424EF5F28ABDF0B00F30E6C /* FirebaseDatabase in Frameworks */,
				8424EF5D28ABDF0B00F30E6C /* FirebaseAuth in Frameworks */,
				8424EF6728ACCD7300F30E6C /* FirebaseFirestore in Frameworks */,
			);
			runOnlyForDeploymentPostprocessing = 0;
		};
/* End PBXFrameworksBuildPhase section */

/* Begin PBXGroup section */
		84106C8D28ABA577009B38E8 /* CustomBackgroundViewController */ = {
			isa = PBXGroup;
			children = (
				848FCFAA2893CC4C0056582C /* BackgroundImage.swift */,
			);
			path = CustomBackgroundViewController;
			sourceTree = "<group>";
		};
		84209C6927C775AB003CE71D = {
			isa = PBXGroup;
			children = (
				84209C7427C775AB003CE71D /* Netflix */,
				84209C7327C775AB003CE71D /* Products */,
				8424EF6128ABE75300F30E6C /* Frameworks */,
			);
			sourceTree = "<group>";
			usesTabs = 0;
		};
		84209C7327C775AB003CE71D /* Products */ = {
			isa = PBXGroup;
			children = (
				84209C7227C775AB003CE71D /* Netflix.app */,
			);
			name = Products;
			sourceTree = "<group>";
		};
		84209C7427C775AB003CE71D /* Netflix */ = {
			isa = PBXGroup;
			children = (
				849C563828B36B36006DC93D /* Wokers */,
				8424EF6E28AF8D5C00F30E6C /* Scenes */,
				8424EF6928AD16B700F30E6C /* Constant */,
				848FCFBC28954D900056582C /* Views */,
				84209C9027C7B43F003CE71D /* Controllers */,
				8434F9F027CA4ABC00377DE2 /* Managers */,
				8434F9F427CB8CAE00377DE2 /* Models */,
				8434F9F827CB8D1C00377DE2 /* Extensions */,
				84209C7B27C775AC003CE71D /* Main.storyboard */,
				84209C7527C775AB003CE71D /* AppDelegate.swift */,
				84209C7727C775AC003CE71D /* SceneDelegate.swift */,
				84209C7E27C775B8003CE71D /* Assets.xcassets */,
				84209C8027C775B8003CE71D /* LaunchScreen.storyboard */,
				84209C8327C775B8003CE71D /* Info.plist */,
				8424EF4328ABD91800F30E6C /* GoogleService-Info.plist */,
			);
			path = Netflix;
			sourceTree = "<group>";
		};
		84209C9027C7B43F003CE71D /* Controllers */ = {
			isa = PBXGroup;
			children = (
				84106C8D28ABA577009B38E8 /* CustomBackgroundViewController */,
				842FA09327D23CDE00B206F6 /* General */,
				842FA09227D23CA200B206F6 /* Core */,
			);
			path = Controllers;
			sourceTree = "<group>";
		};
		8424EF6128ABE75300F30E6C /* Frameworks */ = {
			isa = PBXGroup;
			children = (
			);
			name = Frameworks;
			sourceTree = "<group>";
		};
		8424EF6928AD16B700F30E6C /* Constant */ = {
			isa = PBXGroup;
			children = (
				8424EF6A28AD16C900F30E6C /* ConstantFile.swift */,
			);
			path = Constant;
			sourceTree = "<group>";
		};
		8424EF6E28AF8D5C00F30E6C /* Scenes */ = {
			isa = PBXGroup;
			children = (
				849C564E28B3C749006DC93D /* Movies */,
				849C562828B35D88006DC93D /* Home */,
				84CF7ED128AF9A6E00297004 /* Registation */,
				84CF7EC128AF942A00297004 /* Welcome */,
			);
			path = Scenes;
			sourceTree = "<group>";
		};
		842FA09227D23CA200B206F6 /* Core */ = {
			isa = PBXGroup;
			children = (
				848FCFB428952CF50056582C /* RegistrationViewController1.swift */,
				84209C7927C775AC003CE71D /* HomeViewController1.swift */,
				84209C9427C7B488003CE71D /* ComingSoonViewContorller.swift */,
				84209C9127C7B475003CE71D /* SearchViewControler.swift */,
				84209C9727C7B498003CE71D /* WatchedListViewController.swift */,
			);
			path = Core;
			sourceTree = "<group>";
		};
		842FA09327D23CDE00B206F6 /* General */ = {
			isa = PBXGroup;
			children = (
				84209C8A27C776C1003CE71D /* MoviesTableViewCell.swift */,
				84209C8D27C77A7F003CE71D /* MovieCollectionViewCell.swift */,
				842FA08827D0E07200B206F6 /* SearchResultViewController.swift */,
				842FA08B27D0EAD900B206F6 /* SearchCollectionViewcell.swift */,
				8434FA0327CF86BC00377DE2 /* MoviesCell.swift */,
				842FA09527D2405700B206F6 /* TrailerVideoViewController.swift */,
				84B3909928900FF100B8CC2F /* ProfileViewController.swift */,
				84634F8128A3B88F0050DB63 /* ConfirmedViewController.swift */,
			);
			path = General;
			sourceTree = "<group>";
		};
		8434F9EB27C8F54700377DE2 /* PosterView */ = {
			isa = PBXGroup;
			children = (
				8434F9ED27C8F58200377DE2 /* Poster.swift */,
			);
			path = PosterView;
			sourceTree = "<group>";
		};
		8434F9F027CA4ABC00377DE2 /* Managers */ = {
			isa = PBXGroup;
			children = (
				8434F9F127CA4ADA00377DE2 /* APIColler.swift */,
			);
			path = Managers;
			sourceTree = "<group>";
		};
		8434F9F427CB8CAE00377DE2 /* Models */ = {
			isa = PBXGroup;
			children = (
				8434F9F527CB8CE200377DE2 /* Movie.swift */,
				84DB254927D393F50063685F /* TvShow.swift */,
				8434FA0627CF920400377DE2 /* TitleViewModel.swift */,
				842FA08F27D2275600B206F6 /* YoutubeSearchResponse.swift */,
				84DB254327D36A8A0063685F /* TrailerViewModel.swift */,
				848FCFB128952A680056582C /* User.swift */,
				84634F5828A175900050DB63 /* UserManager.swift */,
			);
			path = Models;
			sourceTree = "<group>";
		};
		8434F9F827CB8D1C00377DE2 /* Extensions */ = {
			isa = PBXGroup;
			children = (
				8434F9F927CB8D3500377DE2 /* Extensions.swift */,
			);
			path = Extensions;
			sourceTree = "<group>";
		};
		848FCFBC28954D900056582C /* Views */ = {
			isa = PBXGroup;
			children = (
				848FCFBE28954D9F0056582C /* RegistrationView */,
				8434F9EB27C8F54700377DE2 /* PosterView */,
			);
			path = Views;
			sourceTree = "<group>";
		};
		848FCFBE28954D9F0056582C /* RegistrationView */ = {
			isa = PBXGroup;
			children = (
				848FCFBF28954DEF0056582C /* RegistrationView.swift */,
			);
			path = RegistrationView;
			sourceTree = "<group>";
		};
		849C562828B35D88006DC93D /* Home */ = {
			isa = PBXGroup;
			children = (
				849C562D28B35DAA006DC93D /* HomeViewController.swift */,
				849C562E28B35DAA006DC93D /* HomeInteractor.swift */,
				849C562928B35DAA006DC93D /* HomePresenter.swift */,
				849C562A28B35DAA006DC93D /* HomeWorker.swift */,
				849C562B28B35DAA006DC93D /* HomeRouter.swift */,
				849C562C28B35DAA006DC93D /* HomeModels.swift */,
			);
			path = Home;
			sourceTree = "<group>";
		};
		849C563828B36B36006DC93D /* Wokers */ = {
			isa = PBXGroup;
			children = (
				849C563928B36B68006DC93D /* MoviesWoker.swift */,
			);
			path = Wokers;
			sourceTree = "<group>";
		};
		849C564E28B3C749006DC93D /* Movies */ = {
			isa = PBXGroup;
			children = (
				84D48A9F28BD1C8C006C7566 /* MoviesCollectionPresenter.swift */,
				84D48AA028BD1C8C006C7566 /* MoviesCollectionWorker.swift */,
				84D48AA128BD1C8C006C7566 /* MoviesCollectionRouter.swift */,
				84D48AA228BD1C8C006C7566 /* MoviesCollectionModels.swift */,
				84D48AA328BD1C8C006C7566 /* MoviesCollectionViewController.swift */,
				84D48AA428BD1C8C006C7566 /* MoviesCollectionInteractor.swift */,
			);
			path = Movies;
			sourceTree = "<group>";
		};
		84CF7EC128AF942A00297004 /* Welcome */ = {
			isa = PBXGroup;
			children = (
				84CF7EC628AF944A00297004 /* WelcomeViewController.swift */,
				84CF7EC728AF944A00297004 /* WelcomeInteractor.swift */,
				84CF7EC228AF944A00297004 /* WelcomePresenter.swift */,
				84CF7EC328AF944A00297004 /* WelcomeWorker.swift */,
				84CF7EC428AF944A00297004 /* WelcomeRouter.swift */,
				84CF7EC528AF944A00297004 /* WelcomeModels.swift */,
			);
			path = Welcome;
			sourceTree = "<group>";
		};
		84CF7ED128AF9A6E00297004 /* Registation */ = {
			isa = PBXGroup;
			children = (
				84CF7ED628AF9A8D00297004 /* RegistrationViewController.swift */,
				84CF7ED728AF9A8D00297004 /* RegistationInteractor.swift */,
				84CF7ED228AF9A8D00297004 /* RegistationPresenter.swift */,
				84CF7ED328AF9A8D00297004 /* RegistationWorker.swift */,
				84CF7ED428AF9A8D00297004 /* RegistationRouter.swift */,
				84CF7ED528AF9A8D00297004 /* RegistationModels.swift */,
			);
			path = Registation;
			sourceTree = "<group>";
		};
/* End PBXGroup section */

/* Begin PBXNativeTarget section */
		84209C7127C775AB003CE71D /* Netflix */ = {
			isa = PBXNativeTarget;
			buildConfigurationList = 84209C8627C775B8003CE71D /* Build configuration list for PBXNativeTarget "Netflix" */;
			buildPhases = (
				84209C6E27C775AB003CE71D /* Sources */,
				84209C6F27C775AB003CE71D /* Frameworks */,
				84209C7027C775AB003CE71D /* Resources */,
			);
			buildRules = (
			);
			dependencies = (
			);
			name = Netflix;
			packageProductDependencies = (
				8424EF5C28ABDF0B00F30E6C /* FirebaseAuth */,
				8424EF5E28ABDF0B00F30E6C /* FirebaseDatabase */,
				8424EF6628ACCD7300F30E6C /* FirebaseFirestore */,
			);
			productName = Netflix;
			productReference = 84209C7227C775AB003CE71D /* Netflix.app */;
			productType = "com.apple.product-type.application";
		};
/* End PBXNativeTarget section */

/* Begin PBXProject section */
		84209C6A27C775AB003CE71D /* Project object */ = {
			isa = PBXProject;
			attributes = {
				LastSwiftUpdateCheck = 1240;
				LastUpgradeCheck = 1240;
				TargetAttributes = {
					84209C7127C775AB003CE71D = {
						CreatedOnToolsVersion = 12.4;
					};
				};
			};
			buildConfigurationList = 84209C6D27C775AB003CE71D /* Build configuration list for PBXProject "Netflix" */;
			compatibilityVersion = "Xcode 9.3";
			developmentRegion = en;
			hasScannedForEncodings = 0;
			knownRegions = (
				en,
				Base,
			);
			mainGroup = 84209C6927C775AB003CE71D;
			packageReferences = (
				8424EF5B28ABDF0B00F30E6C /* XCRemoteSwiftPackageReference "firebase-ios-sdk" */,
			);
			productRefGroup = 84209C7327C775AB003CE71D /* Products */;
			projectDirPath = "";
			projectRoot = "";
			targets = (
				84209C7127C775AB003CE71D /* Netflix */,
			);
		};
/* End PBXProject section */

/* Begin PBXResourcesBuildPhase section */
		84209C7027C775AB003CE71D /* Resources */ = {
			isa = PBXResourcesBuildPhase;
			buildActionMask = 2147483647;
			files = (
				84209C8227C775B8003CE71D /* LaunchScreen.storyboard in Resources */,
				84209C7F27C775B8003CE71D /* Assets.xcassets in Resources */,
				84209C7D27C775AC003CE71D /* Main.storyboard in Resources */,
				8424EF4428ABD91800F30E6C /* GoogleService-Info.plist in Resources */,
			);
			runOnlyForDeploymentPostprocessing = 0;
		};
/* End PBXResourcesBuildPhase section */

/* Begin PBXSourcesBuildPhase section */
		84209C6E27C775AB003CE71D /* Sources */ = {
			isa = PBXSourcesBuildPhase;
			buildActionMask = 2147483647;
			files = (
				84209C9227C7B475003CE71D /* SearchViewControler.swift in Sources */,
				84D48AA528BD1C8C006C7566 /* MoviesCollectionPresenter.swift in Sources */,
				849C563228B35DAA006DC93D /* HomeModels.swift in Sources */,
				84CF7EDA28AF9A8D00297004 /* RegistationRouter.swift in Sources */,
				8434F9F227CA4ADA00377DE2 /* APIColler.swift in Sources */,
				84634F5928A175900050DB63 /* UserManager.swift in Sources */,
				84634F8228A3B88F0050DB63 /* ConfirmedViewController.swift in Sources */,
				84DB254A27D393F50063685F /* TvShow.swift in Sources */,
				848FCFC028954DF00056582C /* RegistrationView.swift in Sources */,
				84CF7ECC28AF944A00297004 /* WelcomeViewController.swift in Sources */,
				84CF7EC828AF944A00297004 /* WelcomePresenter.swift in Sources */,
				84D48AA728BD1C8C006C7566 /* MoviesCollectionRouter.swift in Sources */,
				84209C8E27C77A7F003CE71D /* MovieCollectionViewCell.swift in Sources */,
				84CF7ED928AF9A8D00297004 /* RegistationWorker.swift in Sources */,
				84209C7A27C775AC003CE71D /* HomeViewController1.swift in Sources */,
				84209C9527C7B488003CE71D /* ComingSoonViewContorller.swift in Sources */,
				84CF7ED828AF9A8D00297004 /* RegistationPresenter.swift in Sources */,
				84D48AA628BD1C8C006C7566 /* MoviesCollectionWorker.swift in Sources */,
				84209C9827C7B498003CE71D /* WatchedListViewController.swift in Sources */,
				84CF7EDD28AF9A8D00297004 /* RegistationInteractor.swift in Sources */,
				848FCFAB2893CC4D0056582C /* BackgroundImage.swift in Sources */,
				842FA09627D2405700B206F6 /* TrailerVideoViewController.swift in Sources */,
				842FA08C27D0EAD900B206F6 /* SearchCollectionViewcell.swift in Sources */,
				8434F9EE27C8F58200377DE2 /* Poster.swift in Sources */,
				849C563128B35DAA006DC93D /* HomeRouter.swift in Sources */,
				84D48AA828BD1C8C006C7566 /* MoviesCollectionModels.swift in Sources */,
				849C563A28B36B68006DC93D /* MoviesWoker.swift in Sources */,
				849C562F28B35DAA006DC93D /* HomePresenter.swift in Sources */,
				849C563028B35DAA006DC93D /* HomeWorker.swift in Sources */,
				84D48AA928BD1C8C006C7566 /* MoviesCollectionViewController.swift in Sources */,
				842FA08927D0E07200B206F6 /* SearchResultViewController.swift in Sources */,
				84CF7ECA28AF944A00297004 /* WelcomeRouter.swift in Sources */,
				8424EF6B28AD16C900F30E6C /* ConstantFile.swift in Sources */,
				8434F9FA27CB8D3500377DE2 /* Extensions.swift in Sources */,
				849C563328B35DAA006DC93D /* HomeViewController.swift in Sources */,
				84CF7EC928AF944A00297004 /* WelcomeWorker.swift in Sources */,
				84CF7EDC28AF9A8D00297004 /* RegistrationViewController.swift in Sources */,
				84CF7ECB28AF944A00297004 /* WelcomeModels.swift in Sources */,
				84D48AAA28BD1C8C006C7566 /* MoviesCollectionInteractor.swift in Sources */,
				8434F9F627CB8CE200377DE2 /* Movie.swift in Sources */,
				84DB254427D36A8A0063685F /* TrailerViewModel.swift in Sources */,
				842FA09027D2275600B206F6 /* YoutubeSearchResponse.swift in Sources */,
				84209C8B27C776C1003CE71D /* MoviesTableViewCell.swift in Sources */,
				84CF7EDB28AF9A8D00297004 /* RegistationModels.swift in Sources */,
				84B3909A28900FF100B8CC2F /* ProfileViewController.swift in Sources */,
				849C563428B35DAA006DC93D /* HomeInteractor.swift in Sources */,
				848FCFB528952CF50056582C /* RegistrationViewController1.swift in Sources */,
				84209C7627C775AB003CE71D /* AppDelegate.swift in Sources */,
				8434FA0727CF920500377DE2 /* TitleViewModel.swift in Sources */,
				8434FA0427CF86BE00377DE2 /* MoviesCell.swift in Sources */,
				84CF7ECD28AF944A00297004 /* WelcomeInteractor.swift in Sources */,
				84209C7827C775AC003CE71D /* SceneDelegate.swift in Sources */,
				848FCFB228952A690056582C /* User.swift in Sources */,
			);
			runOnlyForDeploymentPostprocessing = 0;
		};
/* End PBXSourcesBuildPhase section */

/* Begin PBXVariantGroup section */
		84209C7B27C775AC003CE71D /* Main.storyboard */ = {
			isa = PBXVariantGroup;
			children = (
				84209C7C27C775AC003CE71D /* Base */,
			);
			name = Main.storyboard;
			sourceTree = "<group>";
		};
		84209C8027C775B8003CE71D /* LaunchScreen.storyboard */ = {
			isa = PBXVariantGroup;
			children = (
				84209C8127C775B8003CE71D /* Base */,
			);
			name = LaunchScreen.storyboard;
			sourceTree = "<group>";
		};
/* End PBXVariantGroup section */

/* Begin XCBuildConfiguration section */
		84209C8427C775B8003CE71D /* Debug */ = {
			isa = XCBuildConfiguration;
			buildSettings = {
				ALWAYS_SEARCH_USER_PATHS = NO;
				CLANG_ANALYZER_NONNULL = YES;
				CLANG_ANALYZER_NUMBER_OBJECT_CONVERSION = YES_AGGRESSIVE;
				CLANG_CXX_LANGUAGE_STANDARD = "gnu++14";
				CLANG_CXX_LIBRARY = "libc++";
				CLANG_ENABLE_MODULES = YES;
				CLANG_ENABLE_OBJC_ARC = YES;
				CLANG_ENABLE_OBJC_WEAK = YES;
				CLANG_WARN_BLOCK_CAPTURE_AUTORELEASING = YES;
				CLANG_WARN_BOOL_CONVERSION = YES;
				CLANG_WARN_COMMA = YES;
				CLANG_WARN_CONSTANT_CONVERSION = YES;
				CLANG_WARN_DEPRECATED_OBJC_IMPLEMENTATIONS = YES;
				CLANG_WARN_DIRECT_OBJC_ISA_USAGE = YES_ERROR;
				CLANG_WARN_DOCUMENTATION_COMMENTS = YES;
				CLANG_WARN_EMPTY_BODY = YES;
				CLANG_WARN_ENUM_CONVERSION = YES;
				CLANG_WARN_INFINITE_RECURSION = YES;
				CLANG_WARN_INT_CONVERSION = YES;
				CLANG_WARN_NON_LITERAL_NULL_CONVERSION = YES;
				CLANG_WARN_OBJC_IMPLICIT_RETAIN_SELF = YES;
				CLANG_WARN_OBJC_LITERAL_CONVERSION = YES;
				CLANG_WARN_OBJC_ROOT_CLASS = YES_ERROR;
				CLANG_WARN_QUOTED_INCLUDE_IN_FRAMEWORK_HEADER = YES;
				CLANG_WARN_RANGE_LOOP_ANALYSIS = YES;
				CLANG_WARN_STRICT_PROTOTYPES = YES;
				CLANG_WARN_SUSPICIOUS_MOVE = YES;
				CLANG_WARN_UNGUARDED_AVAILABILITY = YES_AGGRESSIVE;
				CLANG_WARN_UNREACHABLE_CODE = YES;
				CLANG_WARN__DUPLICATE_METHOD_MATCH = YES;
				COPY_PHASE_STRIP = NO;
				DEBUG_INFORMATION_FORMAT = dwarf;
				ENABLE_STRICT_OBJC_MSGSEND = YES;
				ENABLE_TESTABILITY = YES;
				GCC_C_LANGUAGE_STANDARD = gnu11;
				GCC_DYNAMIC_NO_PIC = NO;
				GCC_NO_COMMON_BLOCKS = YES;
				GCC_OPTIMIZATION_LEVEL = 0;
				GCC_PREPROCESSOR_DEFINITIONS = (
					"DEBUG=1",
					"$(inherited)",
				);
				GCC_WARN_64_TO_32_BIT_CONVERSION = YES;
				GCC_WARN_ABOUT_RETURN_TYPE = YES_ERROR;
				GCC_WARN_UNDECLARED_SELECTOR = YES;
				GCC_WARN_UNINITIALIZED_AUTOS = YES_AGGRESSIVE;
				GCC_WARN_UNUSED_FUNCTION = YES;
				GCC_WARN_UNUSED_VARIABLE = YES;
				IPHONEOS_DEPLOYMENT_TARGET = 14.4;
				MTL_ENABLE_DEBUG_INFO = INCLUDE_SOURCE;
				MTL_FAST_MATH = YES;
				ONLY_ACTIVE_ARCH = YES;
				SDKROOT = iphoneos;
				SWIFT_ACTIVE_COMPILATION_CONDITIONS = DEBUG;
				SWIFT_OPTIMIZATION_LEVEL = "-Onone";
			};
			name = Debug;
		};
		84209C8527C775B8003CE71D /* Release */ = {
			isa = XCBuildConfiguration;
			buildSettings = {
				ALWAYS_SEARCH_USER_PATHS = NO;
				CLANG_ANALYZER_NONNULL = YES;
				CLANG_ANALYZER_NUMBER_OBJECT_CONVERSION = YES_AGGRESSIVE;
				CLANG_CXX_LANGUAGE_STANDARD = "gnu++14";
				CLANG_CXX_LIBRARY = "libc++";
				CLANG_ENABLE_MODULES = YES;
				CLANG_ENABLE_OBJC_ARC = YES;
				CLANG_ENABLE_OBJC_WEAK = YES;
				CLANG_WARN_BLOCK_CAPTURE_AUTORELEASING = YES;
				CLANG_WARN_BOOL_CONVERSION = YES;
				CLANG_WARN_COMMA = YES;
				CLANG_WARN_CONSTANT_CONVERSION = YES;
				CLANG_WARN_DEPRECATED_OBJC_IMPLEMENTATIONS = YES;
				CLANG_WARN_DIRECT_OBJC_ISA_USAGE = YES_ERROR;
				CLANG_WARN_DOCUMENTATION_COMMENTS = YES;
				CLANG_WARN_EMPTY_BODY = YES;
				CLANG_WARN_ENUM_CONVERSION = YES;
				CLANG_WARN_INFINITE_RECURSION = YES;
				CLANG_WARN_INT_CONVERSION = YES;
				CLANG_WARN_NON_LITERAL_NULL_CONVERSION = YES;
				CLANG_WARN_OBJC_IMPLICIT_RETAIN_SELF = YES;
				CLANG_WARN_OBJC_LITERAL_CONVERSION = YES;
				CLANG_WARN_OBJC_ROOT_CLASS = YES_ERROR;
				CLANG_WARN_QUOTED_INCLUDE_IN_FRAMEWORK_HEADER = YES;
				CLANG_WARN_RANGE_LOOP_ANALYSIS = YES;
				CLANG_WARN_STRICT_PROTOTYPES = YES;
				CLANG_WARN_SUSPICIOUS_MOVE = YES;
				CLANG_WARN_UNGUARDED_AVAILABILITY = YES_AGGRESSIVE;
				CLANG_WARN_UNREACHABLE_CODE = YES;
				CLANG_WARN__DUPLICATE_METHOD_MATCH = YES;
				COPY_PHASE_STRIP = NO;
				DEBUG_INFORMATION_FORMAT = "dwarf-with-dsym";
				ENABLE_NS_ASSERTIONS = NO;
				ENABLE_STRICT_OBJC_MSGSEND = YES;
				GCC_C_LANGUAGE_STANDARD = gnu11;
				GCC_NO_COMMON_BLOCKS = YES;
				GCC_WARN_64_TO_32_BIT_CONVERSION = YES;
				GCC_WARN_ABOUT_RETURN_TYPE = YES_ERROR;
				GCC_WARN_UNDECLARED_SELECTOR = YES;
				GCC_WARN_UNINITIALIZED_AUTOS = YES_AGGRESSIVE;
				GCC_WARN_UNUSED_FUNCTION = YES;
				GCC_WARN_UNUSED_VARIABLE = YES;
				IPHONEOS_DEPLOYMENT_TARGET = 14.4;
				MTL_ENABLE_DEBUG_INFO = NO;
				MTL_FAST_MATH = YES;
				SDKROOT = iphoneos;
				SWIFT_COMPILATION_MODE = wholemodule;
				SWIFT_OPTIMIZATION_LEVEL = "-O";
				VALIDATE_PRODUCT = YES;
			};
			name = Release;
		};
		84209C8727C775B8003CE71D /* Debug */ = {
			isa = XCBuildConfiguration;
			buildSettings = {
				ASSETCATALOG_COMPILER_APPICON_NAME = AppIcon;
				ASSETCATALOG_COMPILER_GLOBAL_ACCENT_COLOR_NAME = AccentColor;
				CODE_SIGN_STYLE = Automatic;
				INFOPLIST_FILE = Netflix/Info.plist;
				LD_RUNPATH_SEARCH_PATHS = (
					"$(inherited)",
					"@executable_path/Frameworks",
				);
				PRODUCT_BUNDLE_IDENTIFIER = "Mirian-maglakelidze.Netflix";
				PRODUCT_NAME = "$(TARGET_NAME)";
				SWIFT_VERSION = 5.0;
				TARGETED_DEVICE_FAMILY = "1,2";
			};
			name = Debug;
		};
		84209C8827C775B8003CE71D /* Release */ = {
			isa = XCBuildConfiguration;
			buildSettings = {
				ASSETCATALOG_COMPILER_APPICON_NAME = AppIcon;
				ASSETCATALOG_COMPILER_GLOBAL_ACCENT_COLOR_NAME = AccentColor;
				CODE_SIGN_STYLE = Automatic;
				INFOPLIST_FILE = Netflix/Info.plist;
				LD_RUNPATH_SEARCH_PATHS = (
					"$(inherited)",
					"@executable_path/Frameworks",
				);
				PRODUCT_BUNDLE_IDENTIFIER = "Mirian-maglakelidze.Netflix";
				PRODUCT_NAME = "$(TARGET_NAME)";
				SWIFT_VERSION = 5.0;
				TARGETED_DEVICE_FAMILY = "1,2";
			};
			name = Release;
		};
/* End XCBuildConfiguration section */

/* Begin XCConfigurationList section */
		84209C6D27C775AB003CE71D /* Build configuration list for PBXProject "Netflix" */ = {
			isa = XCConfigurationList;
			buildConfigurations = (
				84209C8427C775B8003CE71D /* Debug */,
				84209C8527C775B8003CE71D /* Release */,
			);
			defaultConfigurationIsVisible = 0;
			defaultConfigurationName = Release;
		};
		84209C8627C775B8003CE71D /* Build configuration list for PBXNativeTarget "Netflix" */ = {
			isa = XCConfigurationList;
			buildConfigurations = (
				84209C8727C775B8003CE71D /* Debug */,
				84209C8827C775B8003CE71D /* Release */,
			);
			defaultConfigurationIsVisible = 0;
			defaultConfigurationName = Release;
		};
/* End XCConfigurationList section */

/* Begin XCRemoteSwiftPackageReference section */
		8424EF5B28ABDF0B00F30E6C /* XCRemoteSwiftPackageReference "firebase-ios-sdk" */ = {
			isa = XCRemoteSwiftPackageReference;
			repositoryURL = "https://github.com/firebase/firebase-ios-sdk";
			requirement = {
				kind = upToNextMajorVersion;
				minimumVersion = 8.0.0;
			};
		};
/* End XCRemoteSwiftPackageReference section */

/* Begin XCSwiftPackageProductDependency section */
		8424EF5C28ABDF0B00F30E6C /* FirebaseAuth */ = {
			isa = XCSwiftPackageProductDependency;
			package = 8424EF5B28ABDF0B00F30E6C /* XCRemoteSwiftPackageReference "firebase-ios-sdk" */;
			productName = FirebaseAuth;
		};
		8424EF5E28ABDF0B00F30E6C /* FirebaseDatabase */ = {
			isa = XCSwiftPackageProductDependency;
			package = 8424EF5B28ABDF0B00F30E6C /* XCRemoteSwiftPackageReference "firebase-ios-sdk" */;
			productName = FirebaseDatabase;
		};
		8424EF6628ACCD7300F30E6C /* FirebaseFirestore */ = {
			isa = XCSwiftPackageProductDependency;
			package = 8424EF5B28ABDF0B00F30E6C /* XCRemoteSwiftPackageReference "firebase-ios-sdk" */;
			productName = FirebaseFirestore;
		};
/* End XCSwiftPackageProductDependency section */
	};
	rootObject = 84209C6A27C775AB003CE71D /* Project object */;
}
