// !$*UTF8*$!
{
	archiveVersion = 1;
	classes = {
	};
	objectVersion = 50;
	objects = {

/* Begin PBXBuildFile section */
		84209C7627C775AB003CE71D /* AppDelegate.swift in Sources */ = {isa = PBXBuildFile; fileRef = 84209C7527C775AB003CE71D /* AppDelegate.swift */; };
		84209C7827C775AC003CE71D /* SceneDelegate.swift in Sources */ = {isa = PBXBuildFile; fileRef = 84209C7727C775AC003CE71D /* SceneDelegate.swift */; };
		84209C7A27C775AC003CE71D /* HomeViewController.swift in Sources */ = {isa = PBXBuildFile; fileRef = 84209C7927C775AC003CE71D /* HomeViewController.swift */; };
		84209C7D27C775AC003CE71D /* Main.storyboard in Resources */ = {isa = PBXBuildFile; fileRef = 84209C7B27C775AC003CE71D /* Main.storyboard */; };
		84209C7F27C775B8003CE71D /* Assets.xcassets in Resources */ = {isa = PBXBuildFile; fileRef = 84209C7E27C775B8003CE71D /* Assets.xcassets */; };
		84209C8227C775B8003CE71D /* LaunchScreen.storyboard in Resources */ = {isa = PBXBuildFile; fileRef = 84209C8027C775B8003CE71D /* LaunchScreen.storyboard */; };
		84209C8B27C776C1003CE71D /* MoviesTableView.swift in Sources */ = {isa = PBXBuildFile; fileRef = 84209C8A27C776C1003CE71D /* MoviesTableView.swift */; };
		84209C8E27C77A7F003CE71D /* MovieCollectionViewCell.swift in Sources */ = {isa = PBXBuildFile; fileRef = 84209C8D27C77A7F003CE71D /* MovieCollectionViewCell.swift */; };
		84209C9227C7B475003CE71D /* SearchViewControler.swift in Sources */ = {isa = PBXBuildFile; fileRef = 84209C9127C7B475003CE71D /* SearchViewControler.swift */; };
		84209C9527C7B488003CE71D /* ComingSoonViewContorller.swift in Sources */ = {isa = PBXBuildFile; fileRef = 84209C9427C7B488003CE71D /* ComingSoonViewContorller.swift */; };
		84209C9827C7B498003CE71D /* WatchedListViewController.swift in Sources */ = {isa = PBXBuildFile; fileRef = 84209C9727C7B498003CE71D /* WatchedListViewController.swift */; };
		842FA08927D0E07200B206F6 /* SearchResultViewController.swift in Sources */ = {isa = PBXBuildFile; fileRef = 842FA08827D0E07200B206F6 /* SearchResultViewController.swift */; };
		842FA08C27D0EAD900B206F6 /* SearchCollectionViewcell.swift in Sources */ = {isa = PBXBuildFile; fileRef = 842FA08B27D0EAD900B206F6 /* SearchCollectionViewcell.swift */; };
		842FA09027D2275600B206F6 /* YoutubeSearchResponse.swift in Sources */ = {isa = PBXBuildFile; fileRef = 842FA08F27D2275600B206F6 /* YoutubeSearchResponse.swift */; };
		842FA09627D2405700B206F6 /* TrailerVideoViewController.swift in Sources */ = {isa = PBXBuildFile; fileRef = 842FA09527D2405700B206F6 /* TrailerVideoViewController.swift */; };
		8434F9EE27C8F58200377DE2 /* Poster.swift in Sources */ = {isa = PBXBuildFile; fileRef = 8434F9ED27C8F58200377DE2 /* Poster.swift */; };
		8434F9F227CA4ADA00377DE2 /* APIColler.swift in Sources */ = {isa = PBXBuildFile; fileRef = 8434F9F127CA4ADA00377DE2 /* APIColler.swift */; };
		8434F9F627CB8CE200377DE2 /* Movie.swift in Sources */ = {isa = PBXBuildFile; fileRef = 8434F9F527CB8CE200377DE2 /* Movie.swift */; };
		8434F9FA27CB8D3500377DE2 /* Extensions.swift in Sources */ = {isa = PBXBuildFile; fileRef = 8434F9F927CB8D3500377DE2 /* Extensions.swift */; };
		8434FA0427CF86BE00377DE2 /* UpcomingCell.swift in Sources */ = {isa = PBXBuildFile; fileRef = 8434FA0327CF86BC00377DE2 /* UpcomingCell.swift */; };
		8434FA0727CF920500377DE2 /* TitleViewModel.swift in Sources */ = {isa = PBXBuildFile; fileRef = 8434FA0627CF920400377DE2 /* TitleViewModel.swift */; };
		848FCFAB2893CC4D0056582C /* BackgroundImage.swift in Sources */ = {isa = PBXBuildFile; fileRef = 848FCFAA2893CC4C0056582C /* BackgroundImage.swift */; };
		84B3909A28900FF100B8CC2F /* ProfileViewController.swift in Sources */ = {isa = PBXBuildFile; fileRef = 84B3909928900FF100B8CC2F /* ProfileViewController.swift */; };
		84DB254427D36A8A0063685F /* TrailerViewModel.swift in Sources */ = {isa = PBXBuildFile; fileRef = 84DB254327D36A8A0063685F /* TrailerViewModel.swift */; };
		84DB254A27D393F50063685F /* TvShow.swift in Sources */ = {isa = PBXBuildFile; fileRef = 84DB254927D393F50063685F /* TvShow.swift */; };
/* End PBXBuildFile section */

/* Begin PBXFileReference section */
		84209C7227C775AB003CE71D /* Netflix.app */ = {isa = PBXFileReference; explicitFileType = wrapper.application; includeInIndex = 0; path = Netflix.app; sourceTree = BUILT_PRODUCTS_DIR; };
		84209C7527C775AB003CE71D /* AppDelegate.swift */ = {isa = PBXFileReference; lastKnownFileType = sourcecode.swift; path = AppDelegate.swift; sourceTree = "<group>"; };
		84209C7727C775AC003CE71D /* SceneDelegate.swift */ = {isa = PBXFileReference; lastKnownFileType = sourcecode.swift; path = SceneDelegate.swift; sourceTree = "<group>"; };
		84209C7927C775AC003CE71D /* HomeViewController.swift */ = {isa = PBXFileReference; lastKnownFileType = sourcecode.swift; path = HomeViewController.swift; sourceTree = "<group>"; };
		84209C7C27C775AC003CE71D /* Base */ = {isa = PBXFileReference; lastKnownFileType = file.storyboard; name = Base; path = Base.lproj/Main.storyboard; sourceTree = "<group>"; };
		84209C7E27C775B8003CE71D /* Assets.xcassets */ = {isa = PBXFileReference; lastKnownFileType = folder.assetcatalog; path = Assets.xcassets; sourceTree = "<group>"; };
		84209C8127C775B8003CE71D /* Base */ = {isa = PBXFileReference; lastKnownFileType = file.storyboard; name = Base; path = Base.lproj/LaunchScreen.storyboard; sourceTree = "<group>"; };
		84209C8327C775B8003CE71D /* Info.plist */ = {isa = PBXFileReference; lastKnownFileType = text.plist.xml; path = Info.plist; sourceTree = "<group>"; };
		84209C8A27C776C1003CE71D /* MoviesTableView.swift */ = {isa = PBXFileReference; lastKnownFileType = sourcecode.swift; path = MoviesTableView.swift; sourceTree = "<group>"; };
		84209C8D27C77A7F003CE71D /* MovieCollectionViewCell.swift */ = {isa = PBXFileReference; lastKnownFileType = sourcecode.swift; path = MovieCollectionViewCell.swift; sourceTree = "<group>"; };
		84209C9127C7B475003CE71D /* SearchViewControler.swift */ = {isa = PBXFileReference; lastKnownFileType = sourcecode.swift; path = SearchViewControler.swift; sourceTree = "<group>"; };
		84209C9427C7B488003CE71D /* ComingSoonViewContorller.swift */ = {isa = PBXFileReference; lastKnownFileType = sourcecode.swift; path = ComingSoonViewContorller.swift; sourceTree = "<group>"; };
		84209C9727C7B498003CE71D /* WatchedListViewController.swift */ = {isa = PBXFileReference; lastKnownFileType = sourcecode.swift; path = WatchedListViewController.swift; sourceTree = "<group>"; };
		842FA08827D0E07200B206F6 /* SearchResultViewController.swift */ = {isa = PBXFileReference; lastKnownFileType = sourcecode.swift; path = SearchResultViewController.swift; sourceTree = "<group>"; };
		842FA08B27D0EAD900B206F6 /* SearchCollectionViewcell.swift */ = {isa = PBXFileReference; lastKnownFileType = sourcecode.swift; path = SearchCollectionViewcell.swift; sourceTree = "<group>"; };
		842FA08F27D2275600B206F6 /* YoutubeSearchResponse.swift */ = {isa = PBXFileReference; lastKnownFileType = sourcecode.swift; path = YoutubeSearchResponse.swift; sourceTree = "<group>"; };
		842FA09527D2405700B206F6 /* TrailerVideoViewController.swift */ = {isa = PBXFileReference; lastKnownFileType = sourcecode.swift; path = TrailerVideoViewController.swift; sourceTree = "<group>"; };
		8434F9ED27C8F58200377DE2 /* Poster.swift */ = {isa = PBXFileReference; lastKnownFileType = sourcecode.swift; path = Poster.swift; sourceTree = "<group>"; };
		8434F9F127CA4ADA00377DE2 /* APIColler.swift */ = {isa = PBXFileReference; lastKnownFileType = sourcecode.swift; path = APIColler.swift; sourceTree = "<group>"; };
		8434F9F527CB8CE200377DE2 /* Movie.swift */ = {isa = PBXFileReference; lastKnownFileType = sourcecode.swift; path = Movie.swift; sourceTree = "<group>"; };
		8434F9F927CB8D3500377DE2 /* Extensions.swift */ = {isa = PBXFileReference; lastKnownFileType = sourcecode.swift; path = Extensions.swift; sourceTree = "<group>"; };
		8434FA0327CF86BC00377DE2 /* UpcomingCell.swift */ = {isa = PBXFileReference; lastKnownFileType = sourcecode.swift; path = UpcomingCell.swift; sourceTree = "<group>"; };
		8434FA0627CF920400377DE2 /* TitleViewModel.swift */ = {isa = PBXFileReference; lastKnownFileType = sourcecode.swift; path = TitleViewModel.swift; sourceTree = "<group>"; };
		848FCFAA2893CC4C0056582C /* BackgroundImage.swift */ = {isa = PBXFileReference; lastKnownFileType = sourcecode.swift; path = BackgroundImage.swift; sourceTree = "<group>"; };
		84B3909928900FF100B8CC2F /* ProfileViewController.swift */ = {isa = PBXFileReference; lastKnownFileType = sourcecode.swift; path = ProfileViewController.swift; sourceTree = "<group>"; };
		84DB254327D36A8A0063685F /* TrailerViewModel.swift */ = {isa = PBXFileReference; lastKnownFileType = sourcecode.swift; path = TrailerViewModel.swift; sourceTree = "<group>"; };
		84DB254927D393F50063685F /* TvShow.swift */ = {isa = PBXFileReference; lastKnownFileType = sourcecode.swift; path = TvShow.swift; sourceTree = "<group>"; };
/* End PBXFileReference section */

/* Begin PBXFrameworksBuildPhase section */
		84209C6F27C775AB003CE71D /* Frameworks */ = {
			isa = PBXFrameworksBuildPhase;
			buildActionMask = 2147483647;
			files = (
			);
			runOnlyForDeploymentPostprocessing = 0;
		};
/* End PBXFrameworksBuildPhase section */

/* Begin PBXGroup section */
		84209C6927C775AB003CE71D = {
			isa = PBXGroup;
			children = (
				84209C7427C775AB003CE71D /* Netflix */,
				84209C7327C775AB003CE71D /* Products */,
			);
			sourceTree = "<group>";
		};
		84209C7327C775AB003CE71D /* Products */ = {
			isa = PBXGroup;
			children = (
				84209C7227C775AB003CE71D /* Netflix.app */,
			);
			name = Products;
			sourceTree = "<group>";
		};
		84209C7427C775AB003CE71D /* Netflix */ = {
			isa = PBXGroup;
			children = (
				8434F9EB27C8F54700377DE2 /* PosterView */,
				84209C9027C7B43F003CE71D /* Controllers */,
				8434F9F027CA4ABC00377DE2 /* Managers */,
				8434F9F427CB8CAE00377DE2 /* Models */,
				8434F9F827CB8D1C00377DE2 /* Extensions */,
				84209C7B27C775AC003CE71D /* Main.storyboard */,
				84209C7527C775AB003CE71D /* AppDelegate.swift */,
				84209C7727C775AC003CE71D /* SceneDelegate.swift */,
				84209C7E27C775B8003CE71D /* Assets.xcassets */,
				84209C8027C775B8003CE71D /* LaunchScreen.storyboard */,
				84209C8327C775B8003CE71D /* Info.plist */,
			);
			path = Netflix;
			sourceTree = "<group>";
		};
		84209C9027C7B43F003CE71D /* Controllers */ = {
			isa = PBXGroup;
			children = (
				848FCFAA2893CC4C0056582C /* BackgroundImage.swift */,
				842FA09327D23CDE00B206F6 /* General */,
				842FA09227D23CA200B206F6 /* Core */,
			);
			path = Controllers;
			sourceTree = "<group>";
		};
		842FA09227D23CA200B206F6 /* Core */ = {
			isa = PBXGroup;
			children = (
				84209C7927C775AC003CE71D /* HomeViewController.swift */,
				84209C9427C7B488003CE71D /* ComingSoonViewContorller.swift */,
				84209C9127C7B475003CE71D /* SearchViewControler.swift */,
				84209C9727C7B498003CE71D /* WatchedListViewController.swift */,
			);
			path = Core;
			sourceTree = "<group>";
		};
		842FA09327D23CDE00B206F6 /* General */ = {
			isa = PBXGroup;
			children = (
				84209C8A27C776C1003CE71D /* MoviesTableView.swift */,
				84209C8D27C77A7F003CE71D /* MovieCollectionViewCell.swift */,
				842FA08827D0E07200B206F6 /* SearchResultViewController.swift */,
				842FA08B27D0EAD900B206F6 /* SearchCollectionViewcell.swift */,
				8434FA0327CF86BC00377DE2 /* UpcomingCell.swift */,
				842FA09527D2405700B206F6 /* TrailerVideoViewController.swift */,
				84B3909928900FF100B8CC2F /* ProfileViewController.swift */,
			);
			path = General;
			sourceTree = "<group>";
		};
		8434F9EB27C8F54700377DE2 /* PosterView */ = {
			isa = PBXGroup;
			children = (
				8434F9ED27C8F58200377DE2 /* Poster.swift */,
			);
			path = PosterView;
			sourceTree = "<group>";
		};
		8434F9F027CA4ABC00377DE2 /* Managers */ = {
			isa = PBXGroup;
			children = (
				8434F9F127CA4ADA00377DE2 /* APIColler.swift */,
			);
			path = Managers;
			sourceTree = "<group>";
		};
		8434F9F427CB8CAE00377DE2 /* Models */ = {
			isa = PBXGroup;
			children = (
				8434F9F527CB8CE200377DE2 /* Movie.swift */,
				84DB254927D393F50063685F /* TvShow.swift */,
				8434FA0627CF920400377DE2 /* TitleViewModel.swift */,
				842FA08F27D2275600B206F6 /* YoutubeSearchResponse.swift */,
				84DB254327D36A8A0063685F /* TrailerViewModel.swift */,
			);
			path = Models;
			sourceTree = "<group>";
		};
		8434F9F827CB8D1C00377DE2 /* Extensions */ = {
			isa = PBXGroup;
			children = (
				8434F9F927CB8D3500377DE2 /* Extensions.swift */,
			);
			path = Extensions;
			sourceTree = "<group>";
		};
/* End PBXGroup section */

/* Begin PBXNativeTarget section */
		84209C7127C775AB003CE71D /* Netflix */ = {
			isa = PBXNativeTarget;
			buildConfigurationList = 84209C8627C775B8003CE71D /* Build configuration list for PBXNativeTarget "Netflix" */;
			buildPhases = (
				84209C6E27C775AB003CE71D /* Sources */,
				84209C6F27C775AB003CE71D /* Frameworks */,
				84209C7027C775AB003CE71D /* Resources */,
			);
			buildRules = (
			);
			dependencies = (
			);
			name = Netflix;
			productName = Netflix;
			productReference = 84209C7227C775AB003CE71D /* Netflix.app */;
			productType = "com.apple.product-type.application";
		};
/* End PBXNativeTarget section */

/* Begin PBXProject section */
		84209C6A27C775AB003CE71D /* Project object */ = {
			isa = PBXProject;
			attributes = {
				LastSwiftUpdateCheck = 1240;
				LastUpgradeCheck = 1240;
				TargetAttributes = {
					84209C7127C775AB003CE71D = {
						CreatedOnToolsVersion = 12.4;
					};
				};
			};
			buildConfigurationList = 84209C6D27C775AB003CE71D /* Build configuration list for PBXProject "Netflix" */;
			compatibilityVersion = "Xcode 9.3";
			developmentRegion = en;
			hasScannedForEncodings = 0;
			knownRegions = (
				en,
				Base,
			);
			mainGroup = 84209C6927C775AB003CE71D;
			productRefGroup = 84209C7327C775AB003CE71D /* Products */;
			projectDirPath = "";
			projectRoot = "";
			targets = (
				84209C7127C775AB003CE71D /* Netflix */,
			);
		};
/* End PBXProject section */

/* Begin PBXResourcesBuildPhase section */
		84209C7027C775AB003CE71D /* Resources */ = {
			isa = PBXResourcesBuildPhase;
			buildActionMask = 2147483647;
			files = (
				84209C8227C775B8003CE71D /* LaunchScreen.storyboard in Resources */,
				84209C7F27C775B8003CE71D /* Assets.xcassets in Resources */,
				84209C7D27C775AC003CE71D /* Main.storyboard in Resources */,
			);
			runOnlyForDeploymentPostprocessing = 0;
		};
/* End PBXResourcesBuildPhase section */

/* Begin PBXSourcesBuildPhase section */
		84209C6E27C775AB003CE71D /* Sources */ = {
			isa = PBXSourcesBuildPhase;
			buildActionMask = 2147483647;
			files = (
				84209C9227C7B475003CE71D /* SearchViewControler.swift in Sources */,
				8434F9F227CA4ADA00377DE2 /* APIColler.swift in Sources */,
				84DB254A27D393F50063685F /* TvShow.swift in Sources */,
				84209C8E27C77A7F003CE71D /* MovieCollectionViewCell.swift in Sources */,
				84209C7A27C775AC003CE71D /* HomeViewController.swift in Sources */,
				84209C9527C7B488003CE71D /* ComingSoonViewContorller.swift in Sources */,
				84209C9827C7B498003CE71D /* WatchedListViewController.swift in Sources */,
				848FCFAB2893CC4D0056582C /* BackgroundImage.swift in Sources */,
				842FA09627D2405700B206F6 /* TrailerVideoViewController.swift in Sources */,
				842FA08C27D0EAD900B206F6 /* SearchCollectionViewcell.swift in Sources */,
				8434F9EE27C8F58200377DE2 /* Poster.swift in Sources */,
				842FA08927D0E07200B206F6 /* SearchResultViewController.swift in Sources */,
				8434F9FA27CB8D3500377DE2 /* Extensions.swift in Sources */,
				8434F9F627CB8CE200377DE2 /* Movie.swift in Sources */,
				84DB254427D36A8A0063685F /* TrailerViewModel.swift in Sources */,
				842FA09027D2275600B206F6 /* YoutubeSearchResponse.swift in Sources */,
				84209C8B27C776C1003CE71D /* MoviesTableView.swift in Sources */,
				84B3909A28900FF100B8CC2F /* ProfileViewController.swift in Sources */,
				84209C7627C775AB003CE71D /* AppDelegate.swift in Sources */,
				8434FA0727CF920500377DE2 /* TitleViewModel.swift in Sources */,
				8434FA0427CF86BE00377DE2 /* UpcomingCell.swift in Sources */,
				84209C7827C775AC003CE71D /* SceneDelegate.swift in Sources */,
			);
			runOnlyForDeploymentPostprocessing = 0;
		};
/* End PBXSourcesBuildPhase section */

/* Begin PBXVariantGroup section */
		84209C7B27C775AC003CE71D /* Main.storyboard */ = {
			isa = PBXVariantGroup;
			children = (
				84209C7C27C775AC003CE71D /* Base */,
			);
			name = Main.storyboard;
			sourceTree = "<group>";
		};
		84209C8027C775B8003CE71D /* LaunchScreen.storyboard */ = {
			isa = PBXVariantGroup;
			children = (
				84209C8127C775B8003CE71D /* Base */,
			);
			name = LaunchScreen.storyboard;
			sourceTree = "<group>";
		};
/* End PBXVariantGroup section */

/* Begin XCBuildConfiguration section */
		84209C8427C775B8003CE71D /* Debug */ = {
			isa = XCBuildConfiguration;
			buildSettings = {
				ALWAYS_SEARCH_USER_PATHS = NO;
				CLANG_ANALYZER_NONNULL = YES;
				CLANG_ANALYZER_NUMBER_OBJECT_CONVERSION = YES_AGGRESSIVE;
				CLANG_CXX_LANGUAGE_STANDARD = "gnu++14";
				CLANG_CXX_LIBRARY = "libc++";
				CLANG_ENABLE_MODULES = YES;
				CLANG_ENABLE_OBJC_ARC = YES;
				CLANG_ENABLE_OBJC_WEAK = YES;
				CLANG_WARN_BLOCK_CAPTURE_AUTORELEASING = YES;
				CLANG_WARN_BOOL_CONVERSION = YES;
				CLANG_WARN_COMMA = YES;
				CLANG_WARN_CONSTANT_CONVERSION = YES;
				CLANG_WARN_DEPRECATED_OBJC_IMPLEMENTATIONS = YES;
				CLANG_WARN_DIRECT_OBJC_ISA_USAGE = YES_ERROR;
				CLANG_WARN_DOCUMENTATION_COMMENTS = YES;
				CLANG_WARN_EMPTY_BODY = YES;
				CLANG_WARN_ENUM_CONVERSION = YES;
				CLANG_WARN_INFINITE_RECURSION = YES;
				CLANG_WARN_INT_CONVERSION = YES;
				CLANG_WARN_NON_LITERAL_NULL_CONVERSION = YES;
				CLANG_WARN_OBJC_IMPLICIT_RETAIN_SELF = YES;
				CLANG_WARN_OBJC_LITERAL_CONVERSION = YES;
				CLANG_WARN_OBJC_ROOT_CLASS = YES_ERROR;
				CLANG_WARN_QUOTED_INCLUDE_IN_FRAMEWORK_HEADER = YES;
				CLANG_WARN_RANGE_LOOP_ANALYSIS = YES;
				CLANG_WARN_STRICT_PROTOTYPES = YES;
				CLANG_WARN_SUSPICIOUS_MOVE = YES;
				CLANG_WARN_UNGUARDED_AVAILABILITY = YES_AGGRESSIVE;
				CLANG_WARN_UNREACHABLE_CODE = YES;
				CLANG_WARN__DUPLICATE_METHOD_MATCH = YES;
				COPY_PHASE_STRIP = NO;
				DEBUG_INFORMATION_FORMAT = dwarf;
				ENABLE_STRICT_OBJC_MSGSEND = YES;
				ENABLE_TESTABILITY = YES;
				GCC_C_LANGUAGE_STANDARD = gnu11;
				GCC_DYNAMIC_NO_PIC = NO;
				GCC_NO_COMMON_BLOCKS = YES;
				GCC_OPTIMIZATION_LEVEL = 0;
				GCC_PREPROCESSOR_DEFINITIONS = (
					"DEBUG=1",
					"$(inherited)",
				);
				GCC_WARN_64_TO_32_BIT_CONVERSION = YES;
				GCC_WARN_ABOUT_RETURN_TYPE = YES_ERROR;
				GCC_WARN_UNDECLARED_SELECTOR = YES;
				GCC_WARN_UNINITIALIZED_AUTOS = YES_AGGRESSIVE;
				GCC_WARN_UNUSED_FUNCTION = YES;
				GCC_WARN_UNUSED_VARIABLE = YES;
				IPHONEOS_DEPLOYMENT_TARGET = 14.4;
				MTL_ENABLE_DEBUG_INFO = INCLUDE_SOURCE;
				MTL_FAST_MATH = YES;
				ONLY_ACTIVE_ARCH = YES;
				SDKROOT = iphoneos;
				SWIFT_ACTIVE_COMPILATION_CONDITIONS = DEBUG;
				SWIFT_OPTIMIZATION_LEVEL = "-Onone";
			};
			name = Debug;
		};
		84209C8527C775B8003CE71D /* Release */ = {
			isa = XCBuildConfiguration;
			buildSettings = {
				ALWAYS_SEARCH_USER_PATHS = NO;
				CLANG_ANALYZER_NONNULL = YES;
				CLANG_ANALYZER_NUMBER_OBJECT_CONVERSION = YES_AGGRESSIVE;
				CLANG_CXX_LANGUAGE_STANDARD = "gnu++14";
				CLANG_CXX_LIBRARY = "libc++";
				CLANG_ENABLE_MODULES = YES;
				CLANG_ENABLE_OBJC_ARC = YES;
				CLANG_ENABLE_OBJC_WEAK = YES;
				CLANG_WARN_BLOCK_CAPTURE_AUTORELEASING = YES;
				CLANG_WARN_BOOL_CONVERSION = YES;
				CLANG_WARN_COMMA = YES;
				CLANG_WARN_CONSTANT_CONVERSION = YES;
				CLANG_WARN_DEPRECATED_OBJC_IMPLEMENTATIONS = YES;
				CLANG_WARN_DIRECT_OBJC_ISA_USAGE = YES_ERROR;
				CLANG_WARN_DOCUMENTATION_COMMENTS = YES;
				CLANG_WARN_EMPTY_BODY = YES;
				CLANG_WARN_ENUM_CONVERSION = YES;
				CLANG_WARN_INFINITE_RECURSION = YES;
				CLANG_WARN_INT_CONVERSION = YES;
				CLANG_WARN_NON_LITERAL_NULL_CONVERSION = YES;
				CLANG_WARN_OBJC_IMPLICIT_RETAIN_SELF = YES;
				CLANG_WARN_OBJC_LITERAL_CONVERSION = YES;
				CLANG_WARN_OBJC_ROOT_CLASS = YES_ERROR;
				CLANG_WARN_QUOTED_INCLUDE_IN_FRAMEWORK_HEADER = YES;
				CLANG_WARN_RANGE_LOOP_ANALYSIS = YES;
				CLANG_WARN_STRICT_PROTOTYPES = YES;
				CLANG_WARN_SUSPICIOUS_MOVE = YES;
				CLANG_WARN_UNGUARDED_AVAILABILITY = YES_AGGRESSIVE;
				CLANG_WARN_UNREACHABLE_CODE = YES;
				CLANG_WARN__DUPLICATE_METHOD_MATCH = YES;
				COPY_PHASE_STRIP = NO;
				DEBUG_INFORMATION_FORMAT = "dwarf-with-dsym";
				ENABLE_NS_ASSERTIONS = NO;
				ENABLE_STRICT_OBJC_MSGSEND = YES;
				GCC_C_LANGUAGE_STANDARD = gnu11;
				GCC_NO_COMMON_BLOCKS = YES;
				GCC_WARN_64_TO_32_BIT_CONVERSION = YES;
				GCC_WARN_ABOUT_RETURN_TYPE = YES_ERROR;
				GCC_WARN_UNDECLARED_SELECTOR = YES;
				GCC_WARN_UNINITIALIZED_AUTOS = YES_AGGRESSIVE;
				GCC_WARN_UNUSED_FUNCTION = YES;
				GCC_WARN_UNUSED_VARIABLE = YES;
				IPHONEOS_DEPLOYMENT_TARGET = 14.4;
				MTL_ENABLE_DEBUG_INFO = NO;
				MTL_FAST_MATH = YES;
				SDKROOT = iphoneos;
				SWIFT_COMPILATION_MODE = wholemodule;
				SWIFT_OPTIMIZATION_LEVEL = "-O";
				VALIDATE_PRODUCT = YES;
			};
			name = Release;
		};
		84209C8727C775B8003CE71D /* Debug */ = {
			isa = XCBuildConfiguration;
			buildSettings = {
				ASSETCATALOG_COMPILER_APPICON_NAME = AppIcon;
				ASSETCATALOG_COMPILER_GLOBAL_ACCENT_COLOR_NAME = AccentColor;
				CODE_SIGN_STYLE = Automatic;
				INFOPLIST_FILE = Netflix/Info.plist;
				LD_RUNPATH_SEARCH_PATHS = (
					"$(inherited)",
					"@executable_path/Frameworks",
				);
				PRODUCT_BUNDLE_IDENTIFIER = "Mirian-maglakelidze.Netflix";
				PRODUCT_NAME = "$(TARGET_NAME)";
				SWIFT_VERSION = 5.0;
				TARGETED_DEVICE_FAMILY = "1,2";
			};
			name = Debug;
		};
		84209C8827C775B8003CE71D /* Release */ = {
			isa = XCBuildConfiguration;
			buildSettings = {
				ASSETCATALOG_COMPILER_APPICON_NAME = AppIcon;
				ASSETCATALOG_COMPILER_GLOBAL_ACCENT_COLOR_NAME = AccentColor;
				CODE_SIGN_STYLE = Automatic;
				INFOPLIST_FILE = Netflix/Info.plist;
				LD_RUNPATH_SEARCH_PATHS = (
					"$(inherited)",
					"@executable_path/Frameworks",
				);
				PRODUCT_BUNDLE_IDENTIFIER = "Mirian-maglakelidze.Netflix";
				PRODUCT_NAME = "$(TARGET_NAME)";
				SWIFT_VERSION = 5.0;
				TARGETED_DEVICE_FAMILY = "1,2";
			};
			name = Release;
		};
/* End XCBuildConfiguration section */

/* Begin XCConfigurationList section */
		84209C6D27C775AB003CE71D /* Build configuration list for PBXProject "Netflix" */ = {
			isa = XCConfigurationList;
			buildConfigurations = (
				84209C8427C775B8003CE71D /* Debug */,
				84209C8527C775B8003CE71D /* Release */,
			);
			defaultConfigurationIsVisible = 0;
			defaultConfigurationName = Release;
		};
		84209C8627C775B8003CE71D /* Build configuration list for PBXNativeTarget "Netflix" */ = {
			isa = XCConfigurationList;
			buildConfigurations = (
				84209C8727C775B8003CE71D /* Debug */,
				84209C8827C775B8003CE71D /* Release */,
			);
			defaultConfigurationIsVisible = 0;
			defaultConfigurationName = Release;
		};
/* End XCConfigurationList section */
	};
	rootObject = 84209C6A27C775AB003CE71D /* Project object */;
}
